// !$*UTF8*$!
{
	archiveVersion = 1;
	classes = {
	};
	objectVersion = 56;
	objects = {

/* Begin PBXBuildFile section */
		B34F3DF02C66EACE0041D7BD /* SnapKit in Frameworks */ = {isa = PBXBuildFile; productRef = B34F3DEF2C66EACE0041D7BD /* SnapKit */; };
		B34F3DF32C6701740041D7BD /* Localizable.xcstrings in Resources */ = {isa = PBXBuildFile; fileRef = B34F3DF22C6701740041D7BD /* Localizable.xcstrings */; };
		B34F3DF52C6701870041D7BD /* String+LocalizedKey.swift in Sources */ = {isa = PBXBuildFile; fileRef = B34F3DF42C6701870041D7BD /* String+LocalizedKey.swift */; };
		B34F3DF82C69A3810041D7BD /* DebugOptions.swift in Sources */ = {isa = PBXBuildFile; fileRef = B34F3DF72C69A3810041D7BD /* DebugOptions.swift */; };
		B34F3DFB2C69AF230041D7BD /* LocalizationTests.swift in Sources */ = {isa = PBXBuildFile; fileRef = B34F3DFA2C69AF230041D7BD /* LocalizationTests.swift */; };
		B34F3DFD2C6A92890041D7BD /* RootTabBarController.swift in Sources */ = {isa = PBXBuildFile; fileRef = B34F3DFC2C6A92890041D7BD /* RootTabBarController.swift */; };
		B34F3E032C6A93A30041D7BD /* BlockAppsViewController.swift in Sources */ = {isa = PBXBuildFile; fileRef = B34F3E022C6A93A30041D7BD /* BlockAppsViewController.swift */; };
		B34F3E052C6A93AC0041D7BD /* SettingsViewController.swift in Sources */ = {isa = PBXBuildFile; fileRef = B34F3E042C6A93AC0041D7BD /* SettingsViewController.swift */; };
		B34F3E072C6A93B30041D7BD /* UsageViewController.swift in Sources */ = {isa = PBXBuildFile; fileRef = B34F3E062C6A93B30041D7BD /* UsageViewController.swift */; };
		B34F3E092C6A96A20041D7BD /* RootTabCoordinator.swift in Sources */ = {isa = PBXBuildFile; fileRef = B34F3E082C6A96A20041D7BD /* RootTabCoordinator.swift */; };
		B34F3E0B2C6A9E350041D7BD /* NavigationRouter.swift in Sources */ = {isa = PBXBuildFile; fileRef = B34F3E0A2C6A9E350041D7BD /* NavigationRouter.swift */; };
		B34F3E0D2C6B0C790041D7BD /* UsageCoordinator.swift in Sources */ = {isa = PBXBuildFile; fileRef = B34F3E0C2C6B0C790041D7BD /* UsageCoordinator.swift */; };
		B34F3E0F2C6B0D340041D7BD /* BlockAppsCoordinator.swift in Sources */ = {isa = PBXBuildFile; fileRef = B34F3E0E2C6B0D340041D7BD /* BlockAppsCoordinator.swift */; };
		B34F3E112C6B0DDD0041D7BD /* SettingsCoordinator.swift in Sources */ = {isa = PBXBuildFile; fileRef = B34F3E102C6B0DDD0041D7BD /* SettingsCoordinator.swift */; };
		B34F3E142C6B93C80041D7BD /* MainWidgetCollectionViewCell.swift in Sources */ = {isa = PBXBuildFile; fileRef = B34F3E132C6B93C80041D7BD /* MainWidgetCollectionViewCell.swift */; };
		B34F3E162C6B93EA0041D7BD /* AuxiliaryWidgetCollectionViewCell.swift in Sources */ = {isa = PBXBuildFile; fileRef = B34F3E152C6B93EA0041D7BD /* AuxiliaryWidgetCollectionViewCell.swift */; };
		B34F3E182C6B93FA0041D7BD /* TipCollectionViewCell.swift in Sources */ = {isa = PBXBuildFile; fileRef = B34F3E172C6B93FA0041D7BD /* TipCollectionViewCell.swift */; };
		B34F3E1A2C6B94080041D7BD /* HeaderReusableCell.swift in Sources */ = {isa = PBXBuildFile; fileRef = B34F3E192C6B94080041D7BD /* HeaderReusableCell.swift */; };
		B36927982C66B6E30089F769 /* AppDelegate.swift in Sources */ = {isa = PBXBuildFile; fileRef = B36927972C66B6E30089F769 /* AppDelegate.swift */; };
		B369279A2C66B6E30089F769 /* SceneDelegate.swift in Sources */ = {isa = PBXBuildFile; fileRef = B36927992C66B6E30089F769 /* SceneDelegate.swift */; };
		B369279C2C66B6E30089F769 /* HomeViewController.swift in Sources */ = {isa = PBXBuildFile; fileRef = B369279B2C66B6E30089F769 /* HomeViewController.swift */; };
		B36927A12C66B6E40089F769 /* Assets.xcassets in Resources */ = {isa = PBXBuildFile; fileRef = B36927A02C66B6E40089F769 /* Assets.xcassets */; };
		B36927A42C66B6E40089F769 /* Base in Resources */ = {isa = PBXBuildFile; fileRef = B36927A32C66B6E40089F769 /* Base */; };
		B36927AF2C66B6E40089F769 /* ModuliteTests.swift in Sources */ = {isa = PBXBuildFile; fileRef = B36927AE2C66B6E40089F769 /* ModuliteTests.swift */; };
		B36927B92C66B6E40089F769 /* ModuliteUITests.swift in Sources */ = {isa = PBXBuildFile; fileRef = B36927B82C66B6E40089F769 /* ModuliteUITests.swift */; };
		B36927BB2C66B6E40089F769 /* ModuliteUITestsLaunchTests.swift in Sources */ = {isa = PBXBuildFile; fileRef = B36927BA2C66B6E40089F769 /* ModuliteUITestsLaunchTests.swift */; };
		B36927CF2C66B8A30089F769 /* Coordinator.swift in Sources */ = {isa = PBXBuildFile; fileRef = B36927CE2C66B8A30089F769 /* Coordinator.swift */; };
		B36927D12C66B8CA0089F769 /* Router.swift in Sources */ = {isa = PBXBuildFile; fileRef = B36927D02C66B8CA0089F769 /* Router.swift */; };
		B36927D32C66BBC10089F769 /* SceneDelegateRouter.swift in Sources */ = {isa = PBXBuildFile; fileRef = B36927D22C66BBC10089F769 /* SceneDelegateRouter.swift */; };
		B36927D52C66BCE60089F769 /* HomeCoordinator.swift in Sources */ = {isa = PBXBuildFile; fileRef = B36927D42C66BCE60089F769 /* HomeCoordinator.swift */; };
		B36927DA2C66C2770089F769 /* HomeView.swift in Sources */ = {isa = PBXBuildFile; fileRef = B36927D92C66C2770089F769 /* HomeView.swift */; };
/* End PBXBuildFile section */

/* Begin PBXContainerItemProxy section */
		B36927AB2C66B6E40089F769 /* PBXContainerItemProxy */ = {
			isa = PBXContainerItemProxy;
			containerPortal = B369278C2C66B6E30089F769 /* Project object */;
			proxyType = 1;
			remoteGlobalIDString = B36927932C66B6E30089F769;
			remoteInfo = Modulite;
		};
		B36927B52C66B6E40089F769 /* PBXContainerItemProxy */ = {
			isa = PBXContainerItemProxy;
			containerPortal = B369278C2C66B6E30089F769 /* Project object */;
			proxyType = 1;
			remoteGlobalIDString = B36927932C66B6E30089F769;
			remoteInfo = Modulite;
		};
/* End PBXContainerItemProxy section */

/* Begin PBXFileReference section */
		B34F3DF22C6701740041D7BD /* Localizable.xcstrings */ = {isa = PBXFileReference; lastKnownFileType = text.json.xcstrings; path = Localizable.xcstrings; sourceTree = "<group>"; };
		B34F3DF42C6701870041D7BD /* String+LocalizedKey.swift */ = {isa = PBXFileReference; lastKnownFileType = sourcecode.swift; path = "String+LocalizedKey.swift"; sourceTree = "<group>"; };
		B34F3DF72C69A3810041D7BD /* DebugOptions.swift */ = {isa = PBXFileReference; lastKnownFileType = sourcecode.swift; path = DebugOptions.swift; sourceTree = "<group>"; };
		B34F3DFA2C69AF230041D7BD /* LocalizationTests.swift */ = {isa = PBXFileReference; lastKnownFileType = sourcecode.swift; path = LocalizationTests.swift; sourceTree = "<group>"; };
		B34F3DFC2C6A92890041D7BD /* RootTabBarController.swift */ = {isa = PBXFileReference; lastKnownFileType = sourcecode.swift; path = RootTabBarController.swift; sourceTree = "<group>"; };
		B34F3E022C6A93A30041D7BD /* BlockAppsViewController.swift */ = {isa = PBXFileReference; lastKnownFileType = sourcecode.swift; path = BlockAppsViewController.swift; sourceTree = "<group>"; };
		B34F3E042C6A93AC0041D7BD /* SettingsViewController.swift */ = {isa = PBXFileReference; lastKnownFileType = sourcecode.swift; path = SettingsViewController.swift; sourceTree = "<group>"; };
		B34F3E062C6A93B30041D7BD /* UsageViewController.swift */ = {isa = PBXFileReference; lastKnownFileType = sourcecode.swift; path = UsageViewController.swift; sourceTree = "<group>"; };
		B34F3E082C6A96A20041D7BD /* RootTabCoordinator.swift */ = {isa = PBXFileReference; lastKnownFileType = sourcecode.swift; path = RootTabCoordinator.swift; sourceTree = "<group>"; };
		B34F3E0A2C6A9E350041D7BD /* NavigationRouter.swift */ = {isa = PBXFileReference; lastKnownFileType = sourcecode.swift; path = NavigationRouter.swift; sourceTree = "<group>"; };
		B34F3E0C2C6B0C790041D7BD /* UsageCoordinator.swift */ = {isa = PBXFileReference; lastKnownFileType = sourcecode.swift; path = UsageCoordinator.swift; sourceTree = "<group>"; };
		B34F3E0E2C6B0D340041D7BD /* BlockAppsCoordinator.swift */ = {isa = PBXFileReference; lastKnownFileType = sourcecode.swift; path = BlockAppsCoordinator.swift; sourceTree = "<group>"; };
		B34F3E102C6B0DDD0041D7BD /* SettingsCoordinator.swift */ = {isa = PBXFileReference; lastKnownFileType = sourcecode.swift; path = SettingsCoordinator.swift; sourceTree = "<group>"; };
		B34F3E132C6B93C80041D7BD /* MainWidgetCollectionViewCell.swift */ = {isa = PBXFileReference; lastKnownFileType = sourcecode.swift; path = MainWidgetCollectionViewCell.swift; sourceTree = "<group>"; };
		B34F3E152C6B93EA0041D7BD /* AuxiliaryWidgetCollectionViewCell.swift */ = {isa = PBXFileReference; lastKnownFileType = sourcecode.swift; path = AuxiliaryWidgetCollectionViewCell.swift; sourceTree = "<group>"; };
		B34F3E172C6B93FA0041D7BD /* TipCollectionViewCell.swift */ = {isa = PBXFileReference; lastKnownFileType = sourcecode.swift; path = TipCollectionViewCell.swift; sourceTree = "<group>"; };
		B34F3E192C6B94080041D7BD /* HeaderReusableCell.swift */ = {isa = PBXFileReference; lastKnownFileType = sourcecode.swift; path = HeaderReusableCell.swift; sourceTree = "<group>"; };
		B36927942C66B6E30089F769 /* Modulite.app */ = {isa = PBXFileReference; explicitFileType = wrapper.application; includeInIndex = 0; path = Modulite.app; sourceTree = BUILT_PRODUCTS_DIR; };
		B36927972C66B6E30089F769 /* AppDelegate.swift */ = {isa = PBXFileReference; lastKnownFileType = sourcecode.swift; path = AppDelegate.swift; sourceTree = "<group>"; };
		B36927992C66B6E30089F769 /* SceneDelegate.swift */ = {isa = PBXFileReference; lastKnownFileType = sourcecode.swift; path = SceneDelegate.swift; sourceTree = "<group>"; };
		B369279B2C66B6E30089F769 /* HomeViewController.swift */ = {isa = PBXFileReference; lastKnownFileType = sourcecode.swift; path = HomeViewController.swift; sourceTree = "<group>"; };
		B36927A02C66B6E40089F769 /* Assets.xcassets */ = {isa = PBXFileReference; lastKnownFileType = folder.assetcatalog; path = Assets.xcassets; sourceTree = "<group>"; };
		B36927A32C66B6E40089F769 /* Base */ = {isa = PBXFileReference; lastKnownFileType = file.storyboard; name = Base; path = Base.lproj/LaunchScreen.storyboard; sourceTree = "<group>"; };
		B36927A52C66B6E40089F769 /* Info.plist */ = {isa = PBXFileReference; lastKnownFileType = text.plist.xml; path = Info.plist; sourceTree = "<group>"; };
		B36927AA2C66B6E40089F769 /* ModuliteTests.xctest */ = {isa = PBXFileReference; explicitFileType = wrapper.cfbundle; includeInIndex = 0; path = ModuliteTests.xctest; sourceTree = BUILT_PRODUCTS_DIR; };
		B36927AE2C66B6E40089F769 /* ModuliteTests.swift */ = {isa = PBXFileReference; lastKnownFileType = sourcecode.swift; path = ModuliteTests.swift; sourceTree = "<group>"; };
		B36927B42C66B6E40089F769 /* ModuliteUITests.xctest */ = {isa = PBXFileReference; explicitFileType = wrapper.cfbundle; includeInIndex = 0; path = ModuliteUITests.xctest; sourceTree = BUILT_PRODUCTS_DIR; };
		B36927B82C66B6E40089F769 /* ModuliteUITests.swift */ = {isa = PBXFileReference; lastKnownFileType = sourcecode.swift; path = ModuliteUITests.swift; sourceTree = "<group>"; };
		B36927BA2C66B6E40089F769 /* ModuliteUITestsLaunchTests.swift */ = {isa = PBXFileReference; lastKnownFileType = sourcecode.swift; path = ModuliteUITestsLaunchTests.swift; sourceTree = "<group>"; };
		B36927CE2C66B8A30089F769 /* Coordinator.swift */ = {isa = PBXFileReference; lastKnownFileType = sourcecode.swift; path = Coordinator.swift; sourceTree = "<group>"; };
		B36927D02C66B8CA0089F769 /* Router.swift */ = {isa = PBXFileReference; lastKnownFileType = sourcecode.swift; path = Router.swift; sourceTree = "<group>"; };
		B36927D22C66BBC10089F769 /* SceneDelegateRouter.swift */ = {isa = PBXFileReference; lastKnownFileType = sourcecode.swift; path = SceneDelegateRouter.swift; sourceTree = "<group>"; };
		B36927D42C66BCE60089F769 /* HomeCoordinator.swift */ = {isa = PBXFileReference; lastKnownFileType = sourcecode.swift; path = HomeCoordinator.swift; sourceTree = "<group>"; };
		B36927D92C66C2770089F769 /* HomeView.swift */ = {isa = PBXFileReference; lastKnownFileType = sourcecode.swift; path = HomeView.swift; sourceTree = "<group>"; };
/* End PBXFileReference section */

/* Begin PBXFrameworksBuildPhase section */
		B36927912C66B6E30089F769 /* Frameworks */ = {
			isa = PBXFrameworksBuildPhase;
			buildActionMask = 2147483647;
			files = (
				B34F3DF02C66EACE0041D7BD /* SnapKit in Frameworks */,
			);
			runOnlyForDeploymentPostprocessing = 0;
		};
		B36927A72C66B6E40089F769 /* Frameworks */ = {
			isa = PBXFrameworksBuildPhase;
			buildActionMask = 2147483647;
			files = (
			);
			runOnlyForDeploymentPostprocessing = 0;
		};
		B36927B12C66B6E40089F769 /* Frameworks */ = {
			isa = PBXFrameworksBuildPhase;
			buildActionMask = 2147483647;
			files = (
			);
			runOnlyForDeploymentPostprocessing = 0;
		};
/* End PBXFrameworksBuildPhase section */

/* Begin PBXGroup section */
		B34F3DF12C6701070041D7BD /* Localization */ = {
			isa = PBXGroup;
			children = (
				B34F3DF22C6701740041D7BD /* Localizable.xcstrings */,
				B34F3DF42C6701870041D7BD /* String+LocalizedKey.swift */,
			);
			path = Localization;
			sourceTree = "<group>";
		};
		B34F3DF92C69AF190041D7BD /* Localization */ = {
			isa = PBXGroup;
			children = (
				B34F3DFA2C69AF230041D7BD /* LocalizationTests.swift */,
			);
			path = Localization;
			sourceTree = "<group>";
		};
		B34F3DFF2C6A936C0041D7BD /* Usage */ = {
			isa = PBXGroup;
			children = (
				B34F3E062C6A93B30041D7BD /* UsageViewController.swift */,
			);
			path = Usage;
			sourceTree = "<group>";
		};
		B34F3E002C6A93700041D7BD /* BlockApps */ = {
			isa = PBXGroup;
			children = (
				B34F3E022C6A93A30041D7BD /* BlockAppsViewController.swift */,
			);
			path = BlockApps;
			sourceTree = "<group>";
		};
		B34F3E012C6A93800041D7BD /* Settings */ = {
			isa = PBXGroup;
			children = (
				B34F3E042C6A93AC0041D7BD /* SettingsViewController.swift */,
			);
			path = Settings;
			sourceTree = "<group>";
		};
		B34F3E122C6B93AB0041D7BD /* CollectionViewCells */ = {
			isa = PBXGroup;
			children = (
				B34F3E132C6B93C80041D7BD /* MainWidgetCollectionViewCell.swift */,
				B34F3E152C6B93EA0041D7BD /* AuxiliaryWidgetCollectionViewCell.swift */,
				B34F3E172C6B93FA0041D7BD /* TipCollectionViewCell.swift */,
				B34F3E192C6B94080041D7BD /* HeaderReusableCell.swift */,
			);
			path = CollectionViewCells;
			sourceTree = "<group>";
		};
		B369278B2C66B6E30089F769 = {
			isa = PBXGroup;
			children = (
				B36927962C66B6E30089F769 /* Modulite */,
				B36927AD2C66B6E40089F769 /* ModuliteTests */,
				B36927B72C66B6E40089F769 /* ModuliteUITests */,
				B36927952C66B6E30089F769 /* Products */,
			);
			sourceTree = "<group>";
		};
		B36927952C66B6E30089F769 /* Products */ = {
			isa = PBXGroup;
			children = (
				B36927942C66B6E30089F769 /* Modulite.app */,
				B36927AA2C66B6E40089F769 /* ModuliteTests.xctest */,
				B36927B42C66B6E40089F769 /* ModuliteUITests.xctest */,
			);
			name = Products;
			sourceTree = "<group>";
		};
		B36927962C66B6E30089F769 /* Modulite */ = {
			isa = PBXGroup;
			children = (
				B34F3DF72C69A3810041D7BD /* DebugOptions.swift */,
				B36927A52C66B6E40089F769 /* Info.plist */,
				B36927A02C66B6E40089F769 /* Assets.xcassets */,
				B36927C72C66B6F00089F769 /* AppDelegate */,
				B36927C82C66B8330089F769 /* Coordinators */,
				B34F3DF12C6701070041D7BD /* Localization */,
				B36927CA2C66B83E0089F769 /* Models */,
				B36927C92C66B8380089F769 /* Routers */,
				B36927CB2C66B8430089F769 /* Screens */,
			);
			path = Modulite;
			sourceTree = "<group>";
		};
		B36927AD2C66B6E40089F769 /* ModuliteTests */ = {
			isa = PBXGroup;
			children = (
				B34F3DF92C69AF190041D7BD /* Localization */,
				B36927AE2C66B6E40089F769 /* ModuliteTests.swift */,
			);
			path = ModuliteTests;
			sourceTree = "<group>";
		};
		B36927B72C66B6E40089F769 /* ModuliteUITests */ = {
			isa = PBXGroup;
			children = (
				B36927B82C66B6E40089F769 /* ModuliteUITests.swift */,
				B36927BA2C66B6E40089F769 /* ModuliteUITestsLaunchTests.swift */,
			);
			path = ModuliteUITests;
			sourceTree = "<group>";
		};
		B36927C72C66B6F00089F769 /* AppDelegate */ = {
			isa = PBXGroup;
			children = (
				B36927972C66B6E30089F769 /* AppDelegate.swift */,
				B36927992C66B6E30089F769 /* SceneDelegate.swift */,
			);
			path = AppDelegate;
			sourceTree = "<group>";
		};
		B36927C82C66B8330089F769 /* Coordinators */ = {
			isa = PBXGroup;
			children = (
				B36927CE2C66B8A30089F769 /* Coordinator.swift */,
				B36927D42C66BCE60089F769 /* HomeCoordinator.swift */,
				B34F3E082C6A96A20041D7BD /* RootTabCoordinator.swift */,
				B34F3E0C2C6B0C790041D7BD /* UsageCoordinator.swift */,
				B34F3E0E2C6B0D340041D7BD /* BlockAppsCoordinator.swift */,
				B34F3E102C6B0DDD0041D7BD /* SettingsCoordinator.swift */,
			);
			path = Coordinators;
			sourceTree = "<group>";
		};
		B36927C92C66B8380089F769 /* Routers */ = {
			isa = PBXGroup;
			children = (
				B36927D02C66B8CA0089F769 /* Router.swift */,
				B36927D22C66BBC10089F769 /* SceneDelegateRouter.swift */,
				B34F3E0A2C6A9E350041D7BD /* NavigationRouter.swift */,
			);
			path = Routers;
			sourceTree = "<group>";
		};
		B36927CA2C66B83E0089F769 /* Models */ = {
			isa = PBXGroup;
			children = (
			);
			path = Models;
			sourceTree = "<group>";
		};
		B36927CB2C66B8430089F769 /* Screens */ = {
			isa = PBXGroup;
			children = (
				B34F3DFC2C6A92890041D7BD /* RootTabBarController.swift */,
				B34F3E002C6A93700041D7BD /* BlockApps */,
				B36927CC2C66B86D0089F769 /* Home */,
				B36927CD2C66B88F0089F769 /* LauchingScreen */,
				B34F3E012C6A93800041D7BD /* Settings */,
				B34F3DFF2C6A936C0041D7BD /* Usage */,
			);
			path = Screens;
			sourceTree = "<group>";
		};
		B36927CC2C66B86D0089F769 /* Home */ = {
			isa = PBXGroup;
			children = (
				B36927D82C66C25F0089F769 /* View */,
				B36927D72C66C2590089F769 /* Controller */,
				B36927D62C66C2520089F769 /* ViewModel */,
			);
			path = Home;
			sourceTree = "<group>";
		};
		B36927CD2C66B88F0089F769 /* LauchingScreen */ = {
			isa = PBXGroup;
			children = (
				B36927A22C66B6E40089F769 /* LaunchScreen.storyboard */,
			);
			path = LauchingScreen;
			sourceTree = "<group>";
		};
		B36927D62C66C2520089F769 /* ViewModel */ = {
			isa = PBXGroup;
			children = (
			);
			path = ViewModel;
			sourceTree = "<group>";
		};
		B36927D72C66C2590089F769 /* Controller */ = {
			isa = PBXGroup;
			children = (
				B369279B2C66B6E30089F769 /* HomeViewController.swift */,
			);
			path = Controller;
			sourceTree = "<group>";
		};
		B36927D82C66C25F0089F769 /* View */ = {
			isa = PBXGroup;
			children = (
				B34F3E122C6B93AB0041D7BD /* CollectionViewCells */,
				B36927D92C66C2770089F769 /* HomeView.swift */,
			);
			path = View;
			sourceTree = "<group>";
		};
/* End PBXGroup section */

/* Begin PBXNativeTarget section */
		B36927932C66B6E30089F769 /* Modulite */ = {
			isa = PBXNativeTarget;
			buildConfigurationList = B36927BE2C66B6E40089F769 /* Build configuration list for PBXNativeTarget "Modulite" */;
			buildPhases = (
				B36927902C66B6E30089F769 /* Sources */,
				B36927912C66B6E30089F769 /* Frameworks */,
				B36927922C66B6E30089F769 /* Resources */,
			);
			buildRules = (
			);
			dependencies = (
			);
			name = Modulite;
			packageProductDependencies = (
				B34F3DEF2C66EACE0041D7BD /* SnapKit */,
			);
			productName = Modulite;
			productReference = B36927942C66B6E30089F769 /* Modulite.app */;
			productType = "com.apple.product-type.application";
		};
		B36927A92C66B6E40089F769 /* ModuliteTests */ = {
			isa = PBXNativeTarget;
			buildConfigurationList = B36927C12C66B6E40089F769 /* Build configuration list for PBXNativeTarget "ModuliteTests" */;
			buildPhases = (
				B36927A62C66B6E40089F769 /* Sources */,
				B36927A72C66B6E40089F769 /* Frameworks */,
				B36927A82C66B6E40089F769 /* Resources */,
			);
			buildRules = (
			);
			dependencies = (
				B36927AC2C66B6E40089F769 /* PBXTargetDependency */,
			);
			name = ModuliteTests;
			productName = ModuliteTests;
			productReference = B36927AA2C66B6E40089F769 /* ModuliteTests.xctest */;
			productType = "com.apple.product-type.bundle.unit-test";
		};
		B36927B32C66B6E40089F769 /* ModuliteUITests */ = {
			isa = PBXNativeTarget;
			buildConfigurationList = B36927C42C66B6E40089F769 /* Build configuration list for PBXNativeTarget "ModuliteUITests" */;
			buildPhases = (
				B36927B02C66B6E40089F769 /* Sources */,
				B36927B12C66B6E40089F769 /* Frameworks */,
				B36927B22C66B6E40089F769 /* Resources */,
			);
			buildRules = (
			);
			dependencies = (
				B36927B62C66B6E40089F769 /* PBXTargetDependency */,
			);
			name = ModuliteUITests;
			productName = ModuliteUITests;
			productReference = B36927B42C66B6E40089F769 /* ModuliteUITests.xctest */;
			productType = "com.apple.product-type.bundle.ui-testing";
		};
/* End PBXNativeTarget section */

/* Begin PBXProject section */
		B369278C2C66B6E30089F769 /* Project object */ = {
			isa = PBXProject;
			attributes = {
				BuildIndependentTargetsInParallel = 1;
				LastSwiftUpdateCheck = 1540;
				LastUpgradeCheck = 1540;
				TargetAttributes = {
					B36927932C66B6E30089F769 = {
						CreatedOnToolsVersion = 15.4;
					};
					B36927A92C66B6E40089F769 = {
						CreatedOnToolsVersion = 15.4;
						TestTargetID = B36927932C66B6E30089F769;
					};
					B36927B32C66B6E40089F769 = {
						CreatedOnToolsVersion = 15.4;
						TestTargetID = B36927932C66B6E30089F769;
					};
				};
			};
			buildConfigurationList = B369278F2C66B6E30089F769 /* Build configuration list for PBXProject "Modulite" */;
			compatibilityVersion = "Xcode 14.0";
			developmentRegion = en;
			hasScannedForEncodings = 0;
			knownRegions = (
				en,
				Base,
			);
			mainGroup = B369278B2C66B6E30089F769;
			packageReferences = (
				B34F3DEE2C66EACE0041D7BD /* XCRemoteSwiftPackageReference "SnapKit" */,
			);
			productRefGroup = B36927952C66B6E30089F769 /* Products */;
			projectDirPath = "";
			projectRoot = "";
			targets = (
				B36927932C66B6E30089F769 /* Modulite */,
				B36927A92C66B6E40089F769 /* ModuliteTests */,
				B36927B32C66B6E40089F769 /* ModuliteUITests */,
			);
		};
/* End PBXProject section */

/* Begin PBXResourcesBuildPhase section */
		B36927922C66B6E30089F769 /* Resources */ = {
			isa = PBXResourcesBuildPhase;
			buildActionMask = 2147483647;
			files = (
				B36927A12C66B6E40089F769 /* Assets.xcassets in Resources */,
				B36927A42C66B6E40089F769 /* Base in Resources */,
				B34F3DF32C6701740041D7BD /* Localizable.xcstrings in Resources */,
			);
			runOnlyForDeploymentPostprocessing = 0;
		};
		B36927A82C66B6E40089F769 /* Resources */ = {
			isa = PBXResourcesBuildPhase;
			buildActionMask = 2147483647;
			files = (
			);
			runOnlyForDeploymentPostprocessing = 0;
		};
		B36927B22C66B6E40089F769 /* Resources */ = {
			isa = PBXResourcesBuildPhase;
			buildActionMask = 2147483647;
			files = (
			);
			runOnlyForDeploymentPostprocessing = 0;
		};
/* End PBXResourcesBuildPhase section */

/* Begin PBXSourcesBuildPhase section */
		B36927902C66B6E30089F769 /* Sources */ = {
			isa = PBXSourcesBuildPhase;
			buildActionMask = 2147483647;
			files = (
				B34F3E0F2C6B0D340041D7BD /* BlockAppsCoordinator.swift in Sources */,
				B34F3E1A2C6B94080041D7BD /* HeaderReusableCell.swift in Sources */,
				B36927CF2C66B8A30089F769 /* Coordinator.swift in Sources */,
				B369279C2C66B6E30089F769 /* HomeViewController.swift in Sources */,
				B34F3E0D2C6B0C790041D7BD /* UsageCoordinator.swift in Sources */,
				B36927D12C66B8CA0089F769 /* Router.swift in Sources */,
				B36927982C66B6E30089F769 /* AppDelegate.swift in Sources */,
				B369279A2C66B6E30089F769 /* SceneDelegate.swift in Sources */,
				B34F3E0B2C6A9E350041D7BD /* NavigationRouter.swift in Sources */,
				B36927DA2C66C2770089F769 /* HomeView.swift in Sources */,
				B36927D52C66BCE60089F769 /* HomeCoordinator.swift in Sources */,
				B36927D32C66BBC10089F769 /* SceneDelegateRouter.swift in Sources */,
				B34F3DFD2C6A92890041D7BD /* RootTabBarController.swift in Sources */,
				B34F3E112C6B0DDD0041D7BD /* SettingsCoordinator.swift in Sources */,
				B34F3E142C6B93C80041D7BD /* MainWidgetCollectionViewCell.swift in Sources */,
				B34F3E092C6A96A20041D7BD /* RootTabCoordinator.swift in Sources */,
				B34F3DF82C69A3810041D7BD /* DebugOptions.swift in Sources */,
				B34F3E052C6A93AC0041D7BD /* SettingsViewController.swift in Sources */,
				B34F3E032C6A93A30041D7BD /* BlockAppsViewController.swift in Sources */,
				B34F3E182C6B93FA0041D7BD /* TipCollectionViewCell.swift in Sources */,
				B34F3E162C6B93EA0041D7BD /* AuxiliaryWidgetCollectionViewCell.swift in Sources */,
				B34F3E072C6A93B30041D7BD /* UsageViewController.swift in Sources */,
				B34F3DF52C6701870041D7BD /* String+LocalizedKey.swift in Sources */,
			);
			runOnlyForDeploymentPostprocessing = 0;
		};
		B36927A62C66B6E40089F769 /* Sources */ = {
			isa = PBXSourcesBuildPhase;
			buildActionMask = 2147483647;
			files = (
				B34F3DFB2C69AF230041D7BD /* LocalizationTests.swift in Sources */,
				B36927AF2C66B6E40089F769 /* ModuliteTests.swift in Sources */,
			);
			runOnlyForDeploymentPostprocessing = 0;
		};
		B36927B02C66B6E40089F769 /* Sources */ = {
			isa = PBXSourcesBuildPhase;
			buildActionMask = 2147483647;
			files = (
				B36927BB2C66B6E40089F769 /* ModuliteUITestsLaunchTests.swift in Sources */,
				B36927B92C66B6E40089F769 /* ModuliteUITests.swift in Sources */,
			);
			runOnlyForDeploymentPostprocessing = 0;
		};
/* End PBXSourcesBuildPhase section */

/* Begin PBXTargetDependency section */
		B36927AC2C66B6E40089F769 /* PBXTargetDependency */ = {
			isa = PBXTargetDependency;
			target = B36927932C66B6E30089F769 /* Modulite */;
			targetProxy = B36927AB2C66B6E40089F769 /* PBXContainerItemProxy */;
		};
		B36927B62C66B6E40089F769 /* PBXTargetDependency */ = {
			isa = PBXTargetDependency;
			target = B36927932C66B6E30089F769 /* Modulite */;
			targetProxy = B36927B52C66B6E40089F769 /* PBXContainerItemProxy */;
		};
/* End PBXTargetDependency section */

/* Begin PBXVariantGroup section */
		B36927A22C66B6E40089F769 /* LaunchScreen.storyboard */ = {
			isa = PBXVariantGroup;
			children = (
				B36927A32C66B6E40089F769 /* Base */,
			);
			name = LaunchScreen.storyboard;
			sourceTree = "<group>";
		};
/* End PBXVariantGroup section */

/* Begin XCBuildConfiguration section */
		B36927BC2C66B6E40089F769 /* Debug */ = {
			isa = XCBuildConfiguration;
			buildSettings = {
				ALWAYS_SEARCH_USER_PATHS = NO;
				ASSETCATALOG_COMPILER_GENERATE_SWIFT_ASSET_SYMBOL_EXTENSIONS = YES;
				CLANG_ANALYZER_NONNULL = YES;
				CLANG_ANALYZER_NUMBER_OBJECT_CONVERSION = YES_AGGRESSIVE;
				CLANG_CXX_LANGUAGE_STANDARD = "gnu++20";
				CLANG_ENABLE_MODULES = YES;
				CLANG_ENABLE_OBJC_ARC = YES;
				CLANG_ENABLE_OBJC_WEAK = YES;
				CLANG_WARN_BLOCK_CAPTURE_AUTORELEASING = YES;
				CLANG_WARN_BOOL_CONVERSION = YES;
				CLANG_WARN_COMMA = YES;
				CLANG_WARN_CONSTANT_CONVERSION = YES;
				CLANG_WARN_DEPRECATED_OBJC_IMPLEMENTATIONS = YES;
				CLANG_WARN_DIRECT_OBJC_ISA_USAGE = YES_ERROR;
				CLANG_WARN_DOCUMENTATION_COMMENTS = YES;
				CLANG_WARN_EMPTY_BODY = YES;
				CLANG_WARN_ENUM_CONVERSION = YES;
				CLANG_WARN_INFINITE_RECURSION = YES;
				CLANG_WARN_INT_CONVERSION = YES;
				CLANG_WARN_NON_LITERAL_NULL_CONVERSION = YES;
				CLANG_WARN_OBJC_IMPLICIT_RETAIN_SELF = YES;
				CLANG_WARN_OBJC_LITERAL_CONVERSION = YES;
				CLANG_WARN_OBJC_ROOT_CLASS = YES_ERROR;
				CLANG_WARN_QUOTED_INCLUDE_IN_FRAMEWORK_HEADER = YES;
				CLANG_WARN_RANGE_LOOP_ANALYSIS = YES;
				CLANG_WARN_STRICT_PROTOTYPES = YES;
				CLANG_WARN_SUSPICIOUS_MOVE = YES;
				CLANG_WARN_UNGUARDED_AVAILABILITY = YES_AGGRESSIVE;
				CLANG_WARN_UNREACHABLE_CODE = YES;
				CLANG_WARN__DUPLICATE_METHOD_MATCH = YES;
				COPY_PHASE_STRIP = NO;
				DEBUG_INFORMATION_FORMAT = dwarf;
				ENABLE_STRICT_OBJC_MSGSEND = YES;
				ENABLE_TESTABILITY = YES;
				ENABLE_USER_SCRIPT_SANDBOXING = YES;
				GCC_C_LANGUAGE_STANDARD = gnu17;
				GCC_DYNAMIC_NO_PIC = NO;
				GCC_NO_COMMON_BLOCKS = YES;
				GCC_OPTIMIZATION_LEVEL = 0;
				GCC_PREPROCESSOR_DEFINITIONS = (
					"DEBUG=1",
					"$(inherited)",
				);
				GCC_WARN_64_TO_32_BIT_CONVERSION = YES;
				GCC_WARN_ABOUT_RETURN_TYPE = YES_ERROR;
				GCC_WARN_UNDECLARED_SELECTOR = YES;
				GCC_WARN_UNINITIALIZED_AUTOS = YES_AGGRESSIVE;
				GCC_WARN_UNUSED_FUNCTION = YES;
				GCC_WARN_UNUSED_VARIABLE = YES;
				IPHONEOS_DEPLOYMENT_TARGET = 17.5;
				LOCALIZATION_PREFERS_STRING_CATALOGS = YES;
				MTL_ENABLE_DEBUG_INFO = INCLUDE_SOURCE;
				MTL_FAST_MATH = YES;
				ONLY_ACTIVE_ARCH = YES;
				SDKROOT = iphoneos;
				SWIFT_ACTIVE_COMPILATION_CONDITIONS = "DEBUG $(inherited)";
				SWIFT_OPTIMIZATION_LEVEL = "-Onone";
			};
			name = Debug;
		};
		B36927BD2C66B6E40089F769 /* Release */ = {
			isa = XCBuildConfiguration;
			buildSettings = {
				ALWAYS_SEARCH_USER_PATHS = NO;
				ASSETCATALOG_COMPILER_GENERATE_SWIFT_ASSET_SYMBOL_EXTENSIONS = YES;
				CLANG_ANALYZER_NONNULL = YES;
				CLANG_ANALYZER_NUMBER_OBJECT_CONVERSION = YES_AGGRESSIVE;
				CLANG_CXX_LANGUAGE_STANDARD = "gnu++20";
				CLANG_ENABLE_MODULES = YES;
				CLANG_ENABLE_OBJC_ARC = YES;
				CLANG_ENABLE_OBJC_WEAK = YES;
				CLANG_WARN_BLOCK_CAPTURE_AUTORELEASING = YES;
				CLANG_WARN_BOOL_CONVERSION = YES;
				CLANG_WARN_COMMA = YES;
				CLANG_WARN_CONSTANT_CONVERSION = YES;
				CLANG_WARN_DEPRECATED_OBJC_IMPLEMENTATIONS = YES;
				CLANG_WARN_DIRECT_OBJC_ISA_USAGE = YES_ERROR;
				CLANG_WARN_DOCUMENTATION_COMMENTS = YES;
				CLANG_WARN_EMPTY_BODY = YES;
				CLANG_WARN_ENUM_CONVERSION = YES;
				CLANG_WARN_INFINITE_RECURSION = YES;
				CLANG_WARN_INT_CONVERSION = YES;
				CLANG_WARN_NON_LITERAL_NULL_CONVERSION = YES;
				CLANG_WARN_OBJC_IMPLICIT_RETAIN_SELF = YES;
				CLANG_WARN_OBJC_LITERAL_CONVERSION = YES;
				CLANG_WARN_OBJC_ROOT_CLASS = YES_ERROR;
				CLANG_WARN_QUOTED_INCLUDE_IN_FRAMEWORK_HEADER = YES;
				CLANG_WARN_RANGE_LOOP_ANALYSIS = YES;
				CLANG_WARN_STRICT_PROTOTYPES = YES;
				CLANG_WARN_SUSPICIOUS_MOVE = YES;
				CLANG_WARN_UNGUARDED_AVAILABILITY = YES_AGGRESSIVE;
				CLANG_WARN_UNREACHABLE_CODE = YES;
				CLANG_WARN__DUPLICATE_METHOD_MATCH = YES;
				COPY_PHASE_STRIP = NO;
				DEBUG_INFORMATION_FORMAT = "dwarf-with-dsym";
				ENABLE_NS_ASSERTIONS = NO;
				ENABLE_STRICT_OBJC_MSGSEND = YES;
				ENABLE_USER_SCRIPT_SANDBOXING = YES;
				GCC_C_LANGUAGE_STANDARD = gnu17;
				GCC_NO_COMMON_BLOCKS = YES;
				GCC_WARN_64_TO_32_BIT_CONVERSION = YES;
				GCC_WARN_ABOUT_RETURN_TYPE = YES_ERROR;
				GCC_WARN_UNDECLARED_SELECTOR = YES;
				GCC_WARN_UNINITIALIZED_AUTOS = YES_AGGRESSIVE;
				GCC_WARN_UNUSED_FUNCTION = YES;
				GCC_WARN_UNUSED_VARIABLE = YES;
				IPHONEOS_DEPLOYMENT_TARGET = 17.5;
				LOCALIZATION_PREFERS_STRING_CATALOGS = YES;
				MTL_ENABLE_DEBUG_INFO = NO;
				MTL_FAST_MATH = YES;
				SDKROOT = iphoneos;
				SWIFT_COMPILATION_MODE = wholemodule;
				VALIDATE_PRODUCT = YES;
			};
			name = Release;
		};
		B36927BF2C66B6E40089F769 /* Debug */ = {
			isa = XCBuildConfiguration;
			buildSettings = {
				ASSETCATALOG_COMPILER_APPICON_NAME = AppIcon;
				ASSETCATALOG_COMPILER_GLOBAL_ACCENT_COLOR_NAME = AccentColor;
				CODE_SIGN_STYLE = Automatic;
				CURRENT_PROJECT_VERSION = 1;
				DEVELOPMENT_TEAM = 7U55BCTM6U;
				GENERATE_INFOPLIST_FILE = YES;
				INFOPLIST_FILE = Modulite/Info.plist;
				INFOPLIST_KEY_CFBundleDisplayName = Modu.lite;
				INFOPLIST_KEY_UIApplicationSupportsIndirectInputEvents = YES;
				INFOPLIST_KEY_UILaunchStoryboardName = LaunchScreen;
				INFOPLIST_KEY_UISupportedInterfaceOrientations_iPad = "UIInterfaceOrientationPortrait UIInterfaceOrientationPortraitUpsideDown UIInterfaceOrientationLandscapeLeft UIInterfaceOrientationLandscapeRight";
				INFOPLIST_KEY_UISupportedInterfaceOrientations_iPhone = "UIInterfaceOrientationPortrait UIInterfaceOrientationLandscapeLeft UIInterfaceOrientationLandscapeRight";
				IPHONEOS_DEPLOYMENT_TARGET = 17.0;
				LD_RUNPATH_SEARCH_PATHS = (
					"$(inherited)",
					"@executable_path/Frameworks",
				);
				MARKETING_VERSION = 0.1;
				PRODUCT_BUNDLE_IDENTIFIER = dev.mnhz.Modulite;
				PRODUCT_NAME = "$(TARGET_NAME)";
				SWIFT_EMIT_LOC_STRINGS = YES;
				SWIFT_VERSION = 5.0;
				TARGETED_DEVICE_FAMILY = "1,2";
			};
			name = Debug;
		};
		B36927C02C66B6E40089F769 /* Release */ = {
			isa = XCBuildConfiguration;
			buildSettings = {
				ASSETCATALOG_COMPILER_APPICON_NAME = AppIcon;
				ASSETCATALOG_COMPILER_GLOBAL_ACCENT_COLOR_NAME = AccentColor;
				CODE_SIGN_STYLE = Automatic;
				CURRENT_PROJECT_VERSION = 1;
				DEVELOPMENT_TEAM = 7U55BCTM6U;
				GENERATE_INFOPLIST_FILE = YES;
				INFOPLIST_FILE = Modulite/Info.plist;
				INFOPLIST_KEY_CFBundleDisplayName = Modu.lite;
				INFOPLIST_KEY_UIApplicationSupportsIndirectInputEvents = YES;
				INFOPLIST_KEY_UILaunchStoryboardName = LaunchScreen;
				INFOPLIST_KEY_UISupportedInterfaceOrientations_iPad = "UIInterfaceOrientationPortrait UIInterfaceOrientationPortraitUpsideDown UIInterfaceOrientationLandscapeLeft UIInterfaceOrientationLandscapeRight";
				INFOPLIST_KEY_UISupportedInterfaceOrientations_iPhone = "UIInterfaceOrientationPortrait UIInterfaceOrientationLandscapeLeft UIInterfaceOrientationLandscapeRight";
				IPHONEOS_DEPLOYMENT_TARGET = 17.0;
				LD_RUNPATH_SEARCH_PATHS = (
					"$(inherited)",
					"@executable_path/Frameworks",
				);
				MARKETING_VERSION = 0.1;
				PRODUCT_BUNDLE_IDENTIFIER = dev.mnhz.Modulite;
				PRODUCT_NAME = "$(TARGET_NAME)";
				SWIFT_EMIT_LOC_STRINGS = YES;
				SWIFT_VERSION = 5.0;
				TARGETED_DEVICE_FAMILY = "1,2";
			};
			name = Release;
		};
		B36927C22C66B6E40089F769 /* Debug */ = {
			isa = XCBuildConfiguration;
			buildSettings = {
				ALWAYS_EMBED_SWIFT_STANDARD_LIBRARIES = YES;
				BUNDLE_LOADER = "$(TEST_HOST)";
				CODE_SIGN_STYLE = Automatic;
				CURRENT_PROJECT_VERSION = 1;
				DEVELOPMENT_TEAM = 7U55BCTM6U;
				GENERATE_INFOPLIST_FILE = YES;
				IPHONEOS_DEPLOYMENT_TARGET = 17.5;
				MARKETING_VERSION = 1.0;
				PRODUCT_BUNDLE_IDENTIFIER = dev.mnhz.ModuliteTests;
				PRODUCT_NAME = "$(TARGET_NAME)";
				SWIFT_EMIT_LOC_STRINGS = NO;
				SWIFT_VERSION = 5.0;
				TARGETED_DEVICE_FAMILY = "1,2";
				TEST_HOST = "$(BUILT_PRODUCTS_DIR)/Modulite.app/$(BUNDLE_EXECUTABLE_FOLDER_PATH)/Modulite";
			};
			name = Debug;
		};
		B36927C32C66B6E40089F769 /* Release */ = {
			isa = XCBuildConfiguration;
			buildSettings = {
				ALWAYS_EMBED_SWIFT_STANDARD_LIBRARIES = YES;
				BUNDLE_LOADER = "$(TEST_HOST)";
				CODE_SIGN_STYLE = Automatic;
				CURRENT_PROJECT_VERSION = 1;
				DEVELOPMENT_TEAM = 7U55BCTM6U;
				GENERATE_INFOPLIST_FILE = YES;
				IPHONEOS_DEPLOYMENT_TARGET = 17.5;
				MARKETING_VERSION = 1.0;
				PRODUCT_BUNDLE_IDENTIFIER = dev.mnhz.ModuliteTests;
				PRODUCT_NAME = "$(TARGET_NAME)";
				SWIFT_EMIT_LOC_STRINGS = NO;
				SWIFT_VERSION = 5.0;
				TARGETED_DEVICE_FAMILY = "1,2";
				TEST_HOST = "$(BUILT_PRODUCTS_DIR)/Modulite.app/$(BUNDLE_EXECUTABLE_FOLDER_PATH)/Modulite";
			};
			name = Release;
		};
		B36927C52C66B6E40089F769 /* Debug */ = {
			isa = XCBuildConfiguration;
			buildSettings = {
				ALWAYS_EMBED_SWIFT_STANDARD_LIBRARIES = YES;
				CODE_SIGN_STYLE = Automatic;
				CURRENT_PROJECT_VERSION = 1;
				DEVELOPMENT_TEAM = 7U55BCTM6U;
				GENERATE_INFOPLIST_FILE = YES;
				MARKETING_VERSION = 1.0;
				PRODUCT_BUNDLE_IDENTIFIER = dev.mnhz.ModuliteUITests;
				PRODUCT_NAME = "$(TARGET_NAME)";
				SWIFT_EMIT_LOC_STRINGS = NO;
				SWIFT_VERSION = 5.0;
				TARGETED_DEVICE_FAMILY = "1,2";
				TEST_TARGET_NAME = Modulite;
			};
			name = Debug;
		};
		B36927C62C66B6E40089F769 /* Release */ = {
			isa = XCBuildConfiguration;
			buildSettings = {
				ALWAYS_EMBED_SWIFT_STANDARD_LIBRARIES = YES;
				CODE_SIGN_STYLE = Automatic;
				CURRENT_PROJECT_VERSION = 1;
				DEVELOPMENT_TEAM = 7U55BCTM6U;
				GENERATE_INFOPLIST_FILE = YES;
				MARKETING_VERSION = 1.0;
				PRODUCT_BUNDLE_IDENTIFIER = dev.mnhz.ModuliteUITests;
				PRODUCT_NAME = "$(TARGET_NAME)";
				SWIFT_EMIT_LOC_STRINGS = NO;
				SWIFT_VERSION = 5.0;
				TARGETED_DEVICE_FAMILY = "1,2";
				TEST_TARGET_NAME = Modulite;
			};
			name = Release;
		};
/* End XCBuildConfiguration section */

/* Begin XCConfigurationList section */
		B369278F2C66B6E30089F769 /* Build configuration list for PBXProject "Modulite" */ = {
			isa = XCConfigurationList;
			buildConfigurations = (
				B36927BC2C66B6E40089F769 /* Debug */,
				B36927BD2C66B6E40089F769 /* Release */,
			);
			defaultConfigurationIsVisible = 0;
			defaultConfigurationName = Release;
		};
		B36927BE2C66B6E40089F769 /* Build configuration list for PBXNativeTarget "Modulite" */ = {
			isa = XCConfigurationList;
			buildConfigurations = (
				B36927BF2C66B6E40089F769 /* Debug */,
				B36927C02C66B6E40089F769 /* Release */,
			);
			defaultConfigurationIsVisible = 0;
			defaultConfigurationName = Release;
		};
		B36927C12C66B6E40089F769 /* Build configuration list for PBXNativeTarget "ModuliteTests" */ = {
			isa = XCConfigurationList;
			buildConfigurations = (
				B36927C22C66B6E40089F769 /* Debug */,
				B36927C32C66B6E40089F769 /* Release */,
			);
			defaultConfigurationIsVisible = 0;
			defaultConfigurationName = Release;
		};
		B36927C42C66B6E40089F769 /* Build configuration list for PBXNativeTarget "ModuliteUITests" */ = {
			isa = XCConfigurationList;
			buildConfigurations = (
				B36927C52C66B6E40089F769 /* Debug */,
				B36927C62C66B6E40089F769 /* Release */,
			);
			defaultConfigurationIsVisible = 0;
			defaultConfigurationName = Release;
		};
/* End XCConfigurationList section */

/* Begin XCRemoteSwiftPackageReference section */
		B34F3DEE2C66EACE0041D7BD /* XCRemoteSwiftPackageReference "SnapKit" */ = {
			isa = XCRemoteSwiftPackageReference;
			repositoryURL = "https://github.com/SnapKit/SnapKit";
			requirement = {
				kind = upToNextMajorVersion;
				minimumVersion = 5.7.1;
			};
		};
/* End XCRemoteSwiftPackageReference section */

/* Begin XCSwiftPackageProductDependency section */
		B34F3DEF2C66EACE0041D7BD /* SnapKit */ = {
			isa = XCSwiftPackageProductDependency;
			package = B34F3DEE2C66EACE0041D7BD /* XCRemoteSwiftPackageReference "SnapKit" */;
			productName = SnapKit;
		};
/* End XCSwiftPackageProductDependency section */
	};
	rootObject = B369278C2C66B6E30089F769 /* Project object */;
}
