// !$*UTF8*$!
{
	archiveVersion = 1;
	classes = {
	};
	objectVersion = 56;
	objects = {

/* Begin PBXBuildFile section */
		AFBBC5032C7E459900A9B256 /* WidgetKit.framework in Frameworks */ = {isa = PBXBuildFile; fileRef = AFBBC4EB2C7E457C00A9B256 /* WidgetKit.framework */; };
		AFBBC5042C7E459900A9B256 /* SwiftUI.framework in Frameworks */ = {isa = PBXBuildFile; fileRef = AFBBC4ED2C7E457C00A9B256 /* SwiftUI.framework */; };
		AFBBC5072C7E459900A9B256 /* ModuliteWidgetBundle.swift in Sources */ = {isa = PBXBuildFile; fileRef = AFBBC5062C7E459900A9B256 /* ModuliteWidgetBundle.swift */; };
		AFBBC5092C7E459900A9B256 /* ModuliteWidget.swift in Sources */ = {isa = PBXBuildFile; fileRef = AFBBC5082C7E459900A9B256 /* ModuliteWidget.swift */; };
		AFBBC50B2C7E459A00A9B256 /* Assets.xcassets in Resources */ = {isa = PBXBuildFile; fileRef = AFBBC50A2C7E459A00A9B256 /* Assets.xcassets */; };
		AFBBC50F2C7E459A00A9B256 /* ModuliteWidgetExtension.appex in Embed Foundation Extensions */ = {isa = PBXBuildFile; fileRef = AFBBC5022C7E459900A9B256 /* ModuliteWidgetExtension.appex */; settings = {ATTRIBUTES = (RemoveHeadersOnCopy, ); }; };
		AFBBC5152C7E486900A9B256 /* WidgetDatabaseService.swift in Sources */ = {isa = PBXBuildFile; fileRef = AFBBC5142C7E486900A9B256 /* WidgetDatabaseService.swift */; };
		AFBBC5162C7E491200A9B256 /* WidgetDatabaseService.swift in Sources */ = {isa = PBXBuildFile; fileRef = AFBBC5142C7E486900A9B256 /* WidgetDatabaseService.swift */; };
		AFBBC5182C7E493100A9B256 /* SwiftDataWidgetDatabaseAdapter.swift in Sources */ = {isa = PBXBuildFile; fileRef = AFBBC5172C7E493100A9B256 /* SwiftDataWidgetDatabaseAdapter.swift */; };
		AFBBC5192C7E49B400A9B256 /* SwiftDataWidgetDatabaseAdapter.swift in Sources */ = {isa = PBXBuildFile; fileRef = AFBBC5172C7E493100A9B256 /* SwiftDataWidgetDatabaseAdapter.swift */; };
		AFBBC51C2C7E4AEB00A9B256 /* WidgetButtonView.swift in Sources */ = {isa = PBXBuildFile; fileRef = AFBBC51B2C7E4AEB00A9B256 /* WidgetButtonView.swift */; };
		AFBBC51E2C7E4C8500A9B256 /* WidgetButtonView.swift in Sources */ = {isa = PBXBuildFile; fileRef = AFBBC51B2C7E4AEB00A9B256 /* WidgetButtonView.swift */; };
		AFBBC5202C7E4D6900A9B256 /* WidgetButtonLabelView.swift in Sources */ = {isa = PBXBuildFile; fileRef = AFBBC51F2C7E4D6900A9B256 /* WidgetButtonLabelView.swift */; };
		AFBBC5212C7E4E0700A9B256 /* WidgetButtonLabelView.swift in Sources */ = {isa = PBXBuildFile; fileRef = AFBBC51F2C7E4D6900A9B256 /* WidgetButtonLabelView.swift */; };
		AFBBC5222C7E5D8D00A9B256 /* AppInfo.swift in Sources */ = {isa = PBXBuildFile; fileRef = B3F054352C7CF6CB0057F04D /* AppInfo.swift */; };
		B34F3DF02C66EACE0041D7BD /* SnapKit in Frameworks */ = {isa = PBXBuildFile; productRef = B34F3DEF2C66EACE0041D7BD /* SnapKit */; };
		B34F3DF32C6701740041D7BD /* Localizable.xcstrings in Resources */ = {isa = PBXBuildFile; fileRef = B34F3DF22C6701740041D7BD /* Localizable.xcstrings */; };
		B34F3DF52C6701870041D7BD /* String+LocalizedKey.swift in Sources */ = {isa = PBXBuildFile; fileRef = B34F3DF42C6701870041D7BD /* String+LocalizedKey.swift */; };
		B34F3DF82C69A3810041D7BD /* DebugOptions.swift in Sources */ = {isa = PBXBuildFile; fileRef = B34F3DF72C69A3810041D7BD /* DebugOptions.swift */; };
		B34F3DFB2C69AF230041D7BD /* LocalizationTests.swift in Sources */ = {isa = PBXBuildFile; fileRef = B34F3DFA2C69AF230041D7BD /* LocalizationTests.swift */; };
		B34F3DFD2C6A92890041D7BD /* RootTabBarController.swift in Sources */ = {isa = PBXBuildFile; fileRef = B34F3DFC2C6A92890041D7BD /* RootTabBarController.swift */; };
		B34F3E032C6A93A30041D7BD /* BlockAppsViewController.swift in Sources */ = {isa = PBXBuildFile; fileRef = B34F3E022C6A93A30041D7BD /* BlockAppsViewController.swift */; };
		B34F3E052C6A93AC0041D7BD /* SettingsViewController.swift in Sources */ = {isa = PBXBuildFile; fileRef = B34F3E042C6A93AC0041D7BD /* SettingsViewController.swift */; };
		B34F3E072C6A93B30041D7BD /* UsageViewController.swift in Sources */ = {isa = PBXBuildFile; fileRef = B34F3E062C6A93B30041D7BD /* UsageViewController.swift */; };
		B34F3E092C6A96A20041D7BD /* RootTabCoordinator.swift in Sources */ = {isa = PBXBuildFile; fileRef = B34F3E082C6A96A20041D7BD /* RootTabCoordinator.swift */; };
		B34F3E0B2C6A9E350041D7BD /* NavigationRouter.swift in Sources */ = {isa = PBXBuildFile; fileRef = B34F3E0A2C6A9E350041D7BD /* NavigationRouter.swift */; };
		B34F3E0D2C6B0C790041D7BD /* UsageCoordinator.swift in Sources */ = {isa = PBXBuildFile; fileRef = B34F3E0C2C6B0C790041D7BD /* UsageCoordinator.swift */; };
		B34F3E0F2C6B0D340041D7BD /* BlockAppsCoordinator.swift in Sources */ = {isa = PBXBuildFile; fileRef = B34F3E0E2C6B0D340041D7BD /* BlockAppsCoordinator.swift */; };
		B34F3E112C6B0DDD0041D7BD /* SettingsCoordinator.swift in Sources */ = {isa = PBXBuildFile; fileRef = B34F3E102C6B0DDD0041D7BD /* SettingsCoordinator.swift */; };
		B34F3E142C6B93C80041D7BD /* MainWidgetCollectionViewCell.swift in Sources */ = {isa = PBXBuildFile; fileRef = B34F3E132C6B93C80041D7BD /* MainWidgetCollectionViewCell.swift */; };
		B34F3E162C6B93EA0041D7BD /* AuxiliaryWidgetCollectionViewCell.swift in Sources */ = {isa = PBXBuildFile; fileRef = B34F3E152C6B93EA0041D7BD /* AuxiliaryWidgetCollectionViewCell.swift */; };
		B34F3E182C6B93FA0041D7BD /* TipCollectionViewCell.swift in Sources */ = {isa = PBXBuildFile; fileRef = B34F3E172C6B93FA0041D7BD /* TipCollectionViewCell.swift */; };
		B34F3E1A2C6B94080041D7BD /* HomeHeaderReusableCell.swift in Sources */ = {isa = PBXBuildFile; fileRef = B34F3E192C6B94080041D7BD /* HomeHeaderReusableCell.swift */; };
		B34F3E1C2C6BD3DA0041D7BD /* HomeViewModel.swift in Sources */ = {isa = PBXBuildFile; fileRef = B34F3E1B2C6BD3DA0041D7BD /* HomeViewModel.swift */; };
		B34F3E222C6D36390041D7BD /* WidgetEditorViewController.swift in Sources */ = {isa = PBXBuildFile; fileRef = B34F3E212C6D36390041D7BD /* WidgetEditorViewController.swift */; };
		B34F3E242C6D366A0041D7BD /* WidgetEditorView.swift in Sources */ = {isa = PBXBuildFile; fileRef = B34F3E232C6D366A0041D7BD /* WidgetEditorView.swift */; };
		B34F3E262C6D36C20041D7BD /* WidgetSetupView.swift in Sources */ = {isa = PBXBuildFile; fileRef = B34F3E252C6D36C20041D7BD /* WidgetSetupView.swift */; };
		B34F3E282C6D36D40041D7BD /* WidgetSetupViewController.swift in Sources */ = {isa = PBXBuildFile; fileRef = B34F3E272C6D36D40041D7BD /* WidgetSetupViewController.swift */; };
		B34F3E2B2C6E83800041D7BD /* UIFont+TraitedTextStyle.swift in Sources */ = {isa = PBXBuildFile; fileRef = B34F3E2A2C6E837F0041D7BD /* UIFont+TraitedTextStyle.swift */; };
		B34F3E2E2C6E87350041D7BD /* SetupHeaderReusableCell.swift in Sources */ = {isa = PBXBuildFile; fileRef = B34F3E2D2C6E87350041D7BD /* SetupHeaderReusableCell.swift */; };
		B34F3E312C6E87A50041D7BD /* StyleCollectionViewCell.swift in Sources */ = {isa = PBXBuildFile; fileRef = B34F3E302C6E87A50041D7BD /* StyleCollectionViewCell.swift */; };
		B34F3E332C6E8AA60041D7BD /* UITextField+HorizontalPadding.swift in Sources */ = {isa = PBXBuildFile; fileRef = B34F3E322C6E8AA60041D7BD /* UITextField+HorizontalPadding.swift */; };
		B34F3E352C6E93570041D7BD /* WidgetSetupViewModel.swift in Sources */ = {isa = PBXBuildFile; fileRef = B34F3E342C6E93570041D7BD /* WidgetSetupViewModel.swift */; };
		B34F3E372C6FDEAA0041D7BD /* SelectedAppCollectionViewCell.swift in Sources */ = {isa = PBXBuildFile; fileRef = B34F3E362C6FDEAA0041D7BD /* SelectedAppCollectionViewCell.swift */; };
		B34F3E3A2C74BFB00041D7BD /* WidgetEditorViewModel.swift in Sources */ = {isa = PBXBuildFile; fileRef = B34F3E392C74BFB00041D7BD /* WidgetEditorViewModel.swift */; };
		B34F3E3E2C74CE090041D7BD /* EditorSectionHeader.swift in Sources */ = {isa = PBXBuildFile; fileRef = B34F3E3D2C74CE090041D7BD /* EditorSectionHeader.swift */; };
		B34F3E402C74E3270041D7BD /* WidgetModuleCell.swift in Sources */ = {isa = PBXBuildFile; fileRef = B34F3E3F2C74E3270041D7BD /* WidgetModuleCell.swift */; };
		B36927982C66B6E30089F769 /* AppDelegate.swift in Sources */ = {isa = PBXBuildFile; fileRef = B36927972C66B6E30089F769 /* AppDelegate.swift */; };
		B369279A2C66B6E30089F769 /* SceneDelegate.swift in Sources */ = {isa = PBXBuildFile; fileRef = B36927992C66B6E30089F769 /* SceneDelegate.swift */; };
		B369279C2C66B6E30089F769 /* HomeViewController.swift in Sources */ = {isa = PBXBuildFile; fileRef = B369279B2C66B6E30089F769 /* HomeViewController.swift */; };
		B36927A12C66B6E40089F769 /* Assets.xcassets in Resources */ = {isa = PBXBuildFile; fileRef = B36927A02C66B6E40089F769 /* Assets.xcassets */; };
		B36927A42C66B6E40089F769 /* Base in Resources */ = {isa = PBXBuildFile; fileRef = B36927A32C66B6E40089F769 /* Base */; };
		B36927AF2C66B6E40089F769 /* ModuliteTests.swift in Sources */ = {isa = PBXBuildFile; fileRef = B36927AE2C66B6E40089F769 /* ModuliteTests.swift */; };
		B36927B92C66B6E40089F769 /* ModuliteUITests.swift in Sources */ = {isa = PBXBuildFile; fileRef = B36927B82C66B6E40089F769 /* ModuliteUITests.swift */; };
		B36927BB2C66B6E40089F769 /* ModuliteUITestsLaunchTests.swift in Sources */ = {isa = PBXBuildFile; fileRef = B36927BA2C66B6E40089F769 /* ModuliteUITestsLaunchTests.swift */; };
		B36927CF2C66B8A30089F769 /* Coordinator.swift in Sources */ = {isa = PBXBuildFile; fileRef = B36927CE2C66B8A30089F769 /* Coordinator.swift */; };
		B36927D12C66B8CA0089F769 /* Router.swift in Sources */ = {isa = PBXBuildFile; fileRef = B36927D02C66B8CA0089F769 /* Router.swift */; };
		B36927D32C66BBC10089F769 /* SceneDelegateRouter.swift in Sources */ = {isa = PBXBuildFile; fileRef = B36927D22C66BBC10089F769 /* SceneDelegateRouter.swift */; };
		B36927D52C66BCE60089F769 /* HomeCoordinator.swift in Sources */ = {isa = PBXBuildFile; fileRef = B36927D42C66BCE60089F769 /* HomeCoordinator.swift */; };
		B36927DA2C66C2770089F769 /* HomeView.swift in Sources */ = {isa = PBXBuildFile; fileRef = B36927D92C66C2770089F769 /* HomeView.swift */; };
		B377D0FB2C764F85005B715A /* WidgetEmptyCell.swift in Sources */ = {isa = PBXBuildFile; fileRef = B377D0FA2C764F85005B715A /* WidgetEmptyCell.swift */; };
		B3C1877F2C78D1E000A891A8 /* WidgetModel.swift in Sources */ = {isa = PBXBuildFile; fileRef = B3C1877E2C78D1E000A891A8 /* WidgetModel.swift */; };
		B3C187822C79009B00A891A8 /* WidgetConfigurationBuilder.swift in Sources */ = {isa = PBXBuildFile; fileRef = B3C187812C79009B00A891A8 /* WidgetConfigurationBuilder.swift */; };
		B3C187842C791D1300A891A8 /* WidgetStyle.swift in Sources */ = {isa = PBXBuildFile; fileRef = B3C187832C791D1300A891A8 /* WidgetStyle.swift */; };
		B3C187862C79208600A891A8 /* WidgetStyleFactory.swift in Sources */ = {isa = PBXBuildFile; fileRef = B3C187852C79208600A891A8 /* WidgetStyleFactory.swift */; };
		B3CDD7012C766F2E00E558F8 /* ModuleStyleCell.swift in Sources */ = {isa = PBXBuildFile; fileRef = B3CDD7002C766F2E00E558F8 /* ModuleStyleCell.swift */; };
		B3CDD7032C767FD300E558F8 /* ModuleColorCell.swift in Sources */ = {isa = PBXBuildFile; fileRef = B3CDD7022C767FD300E558F8 /* ModuleColorCell.swift */; };
		B3CDD7072C77C59B00E558F8 /* ImageProcessingFactory.swift in Sources */ = {isa = PBXBuildFile; fileRef = B3CDD7062C77C59B00E558F8 /* ImageProcessingFactory.swift */; };
		B3F054362C7CF6CB0057F04D /* AppInfo.swift in Sources */ = {isa = PBXBuildFile; fileRef = B3F054352C7CF6CB0057F04D /* AppInfo.swift */; };
		B3F0543A2C7CFC090057F04D /* AppInfoDatabaseService.swift in Sources */ = {isa = PBXBuildFile; fileRef = B3F054392C7CFC090057F04D /* AppInfoDatabaseService.swift */; };
		B3F0543C2C7D04D60057F04D /* apps.json in Resources */ = {isa = PBXBuildFile; fileRef = B3F0543B2C7D04D60057F04D /* apps.json */; };
		B3F0543F2C7D0E430057F04D /* SwiftDataDatabaseAdapter.swift in Sources */ = {isa = PBXBuildFile; fileRef = B3F0543E2C7D0E430057F04D /* SwiftDataDatabaseAdapter.swift */; };
/* End PBXBuildFile section */

/* Begin PBXContainerItemProxy section */
		AFBBC50D2C7E459A00A9B256 /* PBXContainerItemProxy */ = {
			isa = PBXContainerItemProxy;
			containerPortal = B369278C2C66B6E30089F769 /* Project object */;
			proxyType = 1;
			remoteGlobalIDString = AFBBC5012C7E459900A9B256;
			remoteInfo = ModuliteWidgetExtension;
		};
		B36927AB2C66B6E40089F769 /* PBXContainerItemProxy */ = {
			isa = PBXContainerItemProxy;
			containerPortal = B369278C2C66B6E30089F769 /* Project object */;
			proxyType = 1;
			remoteGlobalIDString = B36927932C66B6E30089F769;
			remoteInfo = Modulite;
		};
		B36927B52C66B6E40089F769 /* PBXContainerItemProxy */ = {
			isa = PBXContainerItemProxy;
			containerPortal = B369278C2C66B6E30089F769 /* Project object */;
			proxyType = 1;
			remoteGlobalIDString = B36927932C66B6E30089F769;
			remoteInfo = Modulite;
		};
/* End PBXContainerItemProxy section */

/* Begin PBXCopyFilesBuildPhase section */
		AFBBC4FD2C7E457E00A9B256 /* Embed Foundation Extensions */ = {
			isa = PBXCopyFilesBuildPhase;
			buildActionMask = 2147483647;
			dstPath = "";
			dstSubfolderSpec = 13;
			files = (
				AFBBC50F2C7E459A00A9B256 /* ModuliteWidgetExtension.appex in Embed Foundation Extensions */,
			);
			name = "Embed Foundation Extensions";
			runOnlyForDeploymentPostprocessing = 0;
		};
/* End PBXCopyFilesBuildPhase section */

/* Begin PBXFileReference section */
		AFBBC4EB2C7E457C00A9B256 /* WidgetKit.framework */ = {isa = PBXFileReference; lastKnownFileType = wrapper.framework; name = WidgetKit.framework; path = System/Library/Frameworks/WidgetKit.framework; sourceTree = SDKROOT; };
		AFBBC4ED2C7E457C00A9B256 /* SwiftUI.framework */ = {isa = PBXFileReference; lastKnownFileType = wrapper.framework; name = SwiftUI.framework; path = System/Library/Frameworks/SwiftUI.framework; sourceTree = SDKROOT; };
		AFBBC5022C7E459900A9B256 /* ModuliteWidgetExtension.appex */ = {isa = PBXFileReference; explicitFileType = "wrapper.app-extension"; includeInIndex = 0; path = ModuliteWidgetExtension.appex; sourceTree = BUILT_PRODUCTS_DIR; };
		AFBBC5062C7E459900A9B256 /* ModuliteWidgetBundle.swift */ = {isa = PBXFileReference; lastKnownFileType = sourcecode.swift; path = ModuliteWidgetBundle.swift; sourceTree = "<group>"; };
		AFBBC5082C7E459900A9B256 /* ModuliteWidget.swift */ = {isa = PBXFileReference; lastKnownFileType = sourcecode.swift; path = ModuliteWidget.swift; sourceTree = "<group>"; };
		AFBBC50A2C7E459A00A9B256 /* Assets.xcassets */ = {isa = PBXFileReference; lastKnownFileType = folder.assetcatalog; path = Assets.xcassets; sourceTree = "<group>"; };
		AFBBC50C2C7E459A00A9B256 /* Info.plist */ = {isa = PBXFileReference; lastKnownFileType = text.plist.xml; path = Info.plist; sourceTree = "<group>"; };
		AFBBC5142C7E486900A9B256 /* WidgetDatabaseService.swift */ = {isa = PBXFileReference; lastKnownFileType = sourcecode.swift; path = WidgetDatabaseService.swift; sourceTree = "<group>"; };
		AFBBC5172C7E493100A9B256 /* SwiftDataWidgetDatabaseAdapter.swift */ = {isa = PBXFileReference; lastKnownFileType = sourcecode.swift; path = SwiftDataWidgetDatabaseAdapter.swift; sourceTree = "<group>"; };
		AFBBC51B2C7E4AEB00A9B256 /* WidgetButtonView.swift */ = {isa = PBXFileReference; lastKnownFileType = sourcecode.swift; path = WidgetButtonView.swift; sourceTree = "<group>"; };
		AFBBC51F2C7E4D6900A9B256 /* WidgetButtonLabelView.swift */ = {isa = PBXFileReference; lastKnownFileType = sourcecode.swift; path = WidgetButtonLabelView.swift; sourceTree = "<group>"; };
		B34F3DF22C6701740041D7BD /* Localizable.xcstrings */ = {isa = PBXFileReference; lastKnownFileType = text.json.xcstrings; path = Localizable.xcstrings; sourceTree = "<group>"; };
		B34F3DF42C6701870041D7BD /* String+LocalizedKey.swift */ = {isa = PBXFileReference; lastKnownFileType = sourcecode.swift; path = "String+LocalizedKey.swift"; sourceTree = "<group>"; };
		B34F3DF72C69A3810041D7BD /* DebugOptions.swift */ = {isa = PBXFileReference; lastKnownFileType = sourcecode.swift; path = DebugOptions.swift; sourceTree = "<group>"; };
		B34F3DFA2C69AF230041D7BD /* LocalizationTests.swift */ = {isa = PBXFileReference; lastKnownFileType = sourcecode.swift; path = LocalizationTests.swift; sourceTree = "<group>"; };
		B34F3DFC2C6A92890041D7BD /* RootTabBarController.swift */ = {isa = PBXFileReference; lastKnownFileType = sourcecode.swift; path = RootTabBarController.swift; sourceTree = "<group>"; };
		B34F3E022C6A93A30041D7BD /* BlockAppsViewController.swift */ = {isa = PBXFileReference; lastKnownFileType = sourcecode.swift; path = BlockAppsViewController.swift; sourceTree = "<group>"; };
		B34F3E042C6A93AC0041D7BD /* SettingsViewController.swift */ = {isa = PBXFileReference; lastKnownFileType = sourcecode.swift; path = SettingsViewController.swift; sourceTree = "<group>"; };
		B34F3E062C6A93B30041D7BD /* UsageViewController.swift */ = {isa = PBXFileReference; lastKnownFileType = sourcecode.swift; path = UsageViewController.swift; sourceTree = "<group>"; };
		B34F3E082C6A96A20041D7BD /* RootTabCoordinator.swift */ = {isa = PBXFileReference; lastKnownFileType = sourcecode.swift; path = RootTabCoordinator.swift; sourceTree = "<group>"; };
		B34F3E0A2C6A9E350041D7BD /* NavigationRouter.swift */ = {isa = PBXFileReference; lastKnownFileType = sourcecode.swift; path = NavigationRouter.swift; sourceTree = "<group>"; };
		B34F3E0C2C6B0C790041D7BD /* UsageCoordinator.swift */ = {isa = PBXFileReference; lastKnownFileType = sourcecode.swift; path = UsageCoordinator.swift; sourceTree = "<group>"; };
		B34F3E0E2C6B0D340041D7BD /* BlockAppsCoordinator.swift */ = {isa = PBXFileReference; lastKnownFileType = sourcecode.swift; path = BlockAppsCoordinator.swift; sourceTree = "<group>"; };
		B34F3E102C6B0DDD0041D7BD /* SettingsCoordinator.swift */ = {isa = PBXFileReference; lastKnownFileType = sourcecode.swift; path = SettingsCoordinator.swift; sourceTree = "<group>"; };
		B34F3E132C6B93C80041D7BD /* MainWidgetCollectionViewCell.swift */ = {isa = PBXFileReference; lastKnownFileType = sourcecode.swift; path = MainWidgetCollectionViewCell.swift; sourceTree = "<group>"; };
		B34F3E152C6B93EA0041D7BD /* AuxiliaryWidgetCollectionViewCell.swift */ = {isa = PBXFileReference; lastKnownFileType = sourcecode.swift; path = AuxiliaryWidgetCollectionViewCell.swift; sourceTree = "<group>"; };
		B34F3E172C6B93FA0041D7BD /* TipCollectionViewCell.swift */ = {isa = PBXFileReference; lastKnownFileType = sourcecode.swift; path = TipCollectionViewCell.swift; sourceTree = "<group>"; };
		B34F3E192C6B94080041D7BD /* HomeHeaderReusableCell.swift */ = {isa = PBXFileReference; lastKnownFileType = sourcecode.swift; path = HomeHeaderReusableCell.swift; sourceTree = "<group>"; };
		B34F3E1B2C6BD3DA0041D7BD /* HomeViewModel.swift */ = {isa = PBXFileReference; lastKnownFileType = sourcecode.swift; path = HomeViewModel.swift; sourceTree = "<group>"; };
		B34F3E212C6D36390041D7BD /* WidgetEditorViewController.swift */ = {isa = PBXFileReference; lastKnownFileType = sourcecode.swift; path = WidgetEditorViewController.swift; sourceTree = "<group>"; };
		B34F3E232C6D366A0041D7BD /* WidgetEditorView.swift */ = {isa = PBXFileReference; lastKnownFileType = sourcecode.swift; path = WidgetEditorView.swift; sourceTree = "<group>"; };
		B34F3E252C6D36C20041D7BD /* WidgetSetupView.swift */ = {isa = PBXFileReference; lastKnownFileType = sourcecode.swift; path = WidgetSetupView.swift; sourceTree = "<group>"; };
		B34F3E272C6D36D40041D7BD /* WidgetSetupViewController.swift */ = {isa = PBXFileReference; lastKnownFileType = sourcecode.swift; path = WidgetSetupViewController.swift; sourceTree = "<group>"; };
		B34F3E2A2C6E837F0041D7BD /* UIFont+TraitedTextStyle.swift */ = {isa = PBXFileReference; lastKnownFileType = sourcecode.swift; path = "UIFont+TraitedTextStyle.swift"; sourceTree = "<group>"; };
		B34F3E2D2C6E87350041D7BD /* SetupHeaderReusableCell.swift */ = {isa = PBXFileReference; lastKnownFileType = sourcecode.swift; path = SetupHeaderReusableCell.swift; sourceTree = "<group>"; };
		B34F3E302C6E87A50041D7BD /* StyleCollectionViewCell.swift */ = {isa = PBXFileReference; lastKnownFileType = sourcecode.swift; path = StyleCollectionViewCell.swift; sourceTree = "<group>"; };
		B34F3E322C6E8AA60041D7BD /* UITextField+HorizontalPadding.swift */ = {isa = PBXFileReference; lastKnownFileType = sourcecode.swift; path = "UITextField+HorizontalPadding.swift"; sourceTree = "<group>"; };
		B34F3E342C6E93570041D7BD /* WidgetSetupViewModel.swift */ = {isa = PBXFileReference; lastKnownFileType = sourcecode.swift; path = WidgetSetupViewModel.swift; sourceTree = "<group>"; };
		B34F3E362C6FDEAA0041D7BD /* SelectedAppCollectionViewCell.swift */ = {isa = PBXFileReference; lastKnownFileType = sourcecode.swift; path = SelectedAppCollectionViewCell.swift; sourceTree = "<group>"; };
		B34F3E392C74BFB00041D7BD /* WidgetEditorViewModel.swift */ = {isa = PBXFileReference; lastKnownFileType = sourcecode.swift; path = WidgetEditorViewModel.swift; sourceTree = "<group>"; };
		B34F3E3D2C74CE090041D7BD /* EditorSectionHeader.swift */ = {isa = PBXFileReference; lastKnownFileType = sourcecode.swift; path = EditorSectionHeader.swift; sourceTree = "<group>"; };
		B34F3E3F2C74E3270041D7BD /* WidgetModuleCell.swift */ = {isa = PBXFileReference; lastKnownFileType = sourcecode.swift; path = WidgetModuleCell.swift; sourceTree = "<group>"; };
		B36927942C66B6E30089F769 /* Modulite.app */ = {isa = PBXFileReference; explicitFileType = wrapper.application; includeInIndex = 0; path = Modulite.app; sourceTree = BUILT_PRODUCTS_DIR; };
		B36927972C66B6E30089F769 /* AppDelegate.swift */ = {isa = PBXFileReference; lastKnownFileType = sourcecode.swift; path = AppDelegate.swift; sourceTree = "<group>"; };
		B36927992C66B6E30089F769 /* SceneDelegate.swift */ = {isa = PBXFileReference; lastKnownFileType = sourcecode.swift; path = SceneDelegate.swift; sourceTree = "<group>"; };
		B369279B2C66B6E30089F769 /* HomeViewController.swift */ = {isa = PBXFileReference; lastKnownFileType = sourcecode.swift; path = HomeViewController.swift; sourceTree = "<group>"; };
		B36927A02C66B6E40089F769 /* Assets.xcassets */ = {isa = PBXFileReference; lastKnownFileType = folder.assetcatalog; path = Assets.xcassets; sourceTree = "<group>"; };
		B36927A32C66B6E40089F769 /* Base */ = {isa = PBXFileReference; lastKnownFileType = file.storyboard; name = Base; path = Base.lproj/LaunchScreen.storyboard; sourceTree = "<group>"; };
		B36927A52C66B6E40089F769 /* Info.plist */ = {isa = PBXFileReference; lastKnownFileType = text.plist.xml; path = Info.plist; sourceTree = "<group>"; };
		B36927AA2C66B6E40089F769 /* ModuliteTests.xctest */ = {isa = PBXFileReference; explicitFileType = wrapper.cfbundle; includeInIndex = 0; path = ModuliteTests.xctest; sourceTree = BUILT_PRODUCTS_DIR; };
		B36927AE2C66B6E40089F769 /* ModuliteTests.swift */ = {isa = PBXFileReference; lastKnownFileType = sourcecode.swift; path = ModuliteTests.swift; sourceTree = "<group>"; };
		B36927B42C66B6E40089F769 /* ModuliteUITests.xctest */ = {isa = PBXFileReference; explicitFileType = wrapper.cfbundle; includeInIndex = 0; path = ModuliteUITests.xctest; sourceTree = BUILT_PRODUCTS_DIR; };
		B36927B82C66B6E40089F769 /* ModuliteUITests.swift */ = {isa = PBXFileReference; lastKnownFileType = sourcecode.swift; path = ModuliteUITests.swift; sourceTree = "<group>"; };
		B36927BA2C66B6E40089F769 /* ModuliteUITestsLaunchTests.swift */ = {isa = PBXFileReference; lastKnownFileType = sourcecode.swift; path = ModuliteUITestsLaunchTests.swift; sourceTree = "<group>"; };
		B36927CE2C66B8A30089F769 /* Coordinator.swift */ = {isa = PBXFileReference; lastKnownFileType = sourcecode.swift; path = Coordinator.swift; sourceTree = "<group>"; };
		B36927D02C66B8CA0089F769 /* Router.swift */ = {isa = PBXFileReference; lastKnownFileType = sourcecode.swift; path = Router.swift; sourceTree = "<group>"; };
		B36927D22C66BBC10089F769 /* SceneDelegateRouter.swift */ = {isa = PBXFileReference; lastKnownFileType = sourcecode.swift; path = SceneDelegateRouter.swift; sourceTree = "<group>"; };
		B36927D42C66BCE60089F769 /* HomeCoordinator.swift */ = {isa = PBXFileReference; lastKnownFileType = sourcecode.swift; path = HomeCoordinator.swift; sourceTree = "<group>"; };
		B36927D92C66C2770089F769 /* HomeView.swift */ = {isa = PBXFileReference; lastKnownFileType = sourcecode.swift; path = HomeView.swift; sourceTree = "<group>"; };
		B377D0FA2C764F85005B715A /* WidgetEmptyCell.swift */ = {isa = PBXFileReference; lastKnownFileType = sourcecode.swift; path = WidgetEmptyCell.swift; sourceTree = "<group>"; };
		B3C1877E2C78D1E000A891A8 /* WidgetModel.swift */ = {isa = PBXFileReference; lastKnownFileType = sourcecode.swift; path = WidgetModel.swift; sourceTree = "<group>"; };
		B3C187812C79009B00A891A8 /* WidgetConfigurationBuilder.swift */ = {isa = PBXFileReference; lastKnownFileType = sourcecode.swift; path = WidgetConfigurationBuilder.swift; sourceTree = "<group>"; };
		B3C187832C791D1300A891A8 /* WidgetStyle.swift */ = {isa = PBXFileReference; lastKnownFileType = sourcecode.swift; path = WidgetStyle.swift; sourceTree = "<group>"; };
		B3C187852C79208600A891A8 /* WidgetStyleFactory.swift */ = {isa = PBXFileReference; lastKnownFileType = sourcecode.swift; path = WidgetStyleFactory.swift; sourceTree = "<group>"; };
		B3CDD7002C766F2E00E558F8 /* ModuleStyleCell.swift */ = {isa = PBXFileReference; lastKnownFileType = sourcecode.swift; path = ModuleStyleCell.swift; sourceTree = "<group>"; };
		B3CDD7022C767FD300E558F8 /* ModuleColorCell.swift */ = {isa = PBXFileReference; lastKnownFileType = sourcecode.swift; path = ModuleColorCell.swift; sourceTree = "<group>"; };
		B3CDD7062C77C59B00E558F8 /* ImageProcessingFactory.swift */ = {isa = PBXFileReference; lastKnownFileType = sourcecode.swift; path = ImageProcessingFactory.swift; sourceTree = "<group>"; };
		B3F054352C7CF6CB0057F04D /* AppInfo.swift */ = {isa = PBXFileReference; lastKnownFileType = sourcecode.swift; path = AppInfo.swift; sourceTree = "<group>"; };
		B3F054392C7CFC090057F04D /* AppInfoDatabaseService.swift */ = {isa = PBXFileReference; lastKnownFileType = sourcecode.swift; path = AppInfoDatabaseService.swift; sourceTree = "<group>"; };
		B3F0543B2C7D04D60057F04D /* apps.json */ = {isa = PBXFileReference; fileEncoding = 4; lastKnownFileType = text.json; path = apps.json; sourceTree = "<group>"; };
		B3F0543E2C7D0E430057F04D /* SwiftDataDatabaseAdapter.swift */ = {isa = PBXFileReference; lastKnownFileType = sourcecode.swift; path = SwiftDataDatabaseAdapter.swift; sourceTree = "<group>"; };
/* End PBXFileReference section */

/* Begin PBXFrameworksBuildPhase section */
		AFBBC4FF2C7E459900A9B256 /* Frameworks */ = {
			isa = PBXFrameworksBuildPhase;
			buildActionMask = 2147483647;
			files = (
				AFBBC5042C7E459900A9B256 /* SwiftUI.framework in Frameworks */,
				AFBBC5032C7E459900A9B256 /* WidgetKit.framework in Frameworks */,
			);
			runOnlyForDeploymentPostprocessing = 0;
		};
		B36927912C66B6E30089F769 /* Frameworks */ = {
			isa = PBXFrameworksBuildPhase;
			buildActionMask = 2147483647;
			files = (
				B34F3DF02C66EACE0041D7BD /* SnapKit in Frameworks */,
			);
			runOnlyForDeploymentPostprocessing = 0;
		};
		B36927A72C66B6E40089F769 /* Frameworks */ = {
			isa = PBXFrameworksBuildPhase;
			buildActionMask = 2147483647;
			files = (
			);
			runOnlyForDeploymentPostprocessing = 0;
		};
		B36927B12C66B6E40089F769 /* Frameworks */ = {
			isa = PBXFrameworksBuildPhase;
			buildActionMask = 2147483647;
			files = (
			);
			runOnlyForDeploymentPostprocessing = 0;
		};
/* End PBXFrameworksBuildPhase section */

/* Begin PBXGroup section */
		AFBBC5052C7E459900A9B256 /* ModuliteWidget */ = {
			isa = PBXGroup;
			children = (
				AFBBC5062C7E459900A9B256 /* ModuliteWidgetBundle.swift */,
				AFBBC5082C7E459900A9B256 /* ModuliteWidget.swift */,
				AFBBC51B2C7E4AEB00A9B256 /* WidgetButtonView.swift */,
				AFBBC51F2C7E4D6900A9B256 /* WidgetButtonLabelView.swift */,
				AFBBC50A2C7E459A00A9B256 /* Assets.xcassets */,
				AFBBC50C2C7E459A00A9B256 /* Info.plist */,
			);
			path = ModuliteWidget;
			sourceTree = "<group>";
		};
		AFBBC5132C7E484D00A9B256 /* WidgetDatabase */ = {
			isa = PBXGroup;
			children = (
				AFBBC5142C7E486900A9B256 /* WidgetDatabaseService.swift */,
				AFBBC5172C7E493100A9B256 /* SwiftDataWidgetDatabaseAdapter.swift */,
			);
			path = WidgetDatabase;
			sourceTree = "<group>";
		};
		B34F3DF12C6701070041D7BD /* Localization */ = {
			isa = PBXGroup;
			children = (
				B34F3DF22C6701740041D7BD /* Localizable.xcstrings */,
				B34F3DF42C6701870041D7BD /* String+LocalizedKey.swift */,
			);
			path = Localization;
			sourceTree = "<group>";
		};
		B34F3DF92C69AF190041D7BD /* Localization */ = {
			isa = PBXGroup;
			children = (
				B34F3DFA2C69AF230041D7BD /* LocalizationTests.swift */,
			);
			path = Localization;
			sourceTree = "<group>";
		};
		B34F3DFF2C6A936C0041D7BD /* Usage */ = {
			isa = PBXGroup;
			children = (
				B34F3E062C6A93B30041D7BD /* UsageViewController.swift */,
			);
			path = Usage;
			sourceTree = "<group>";
		};
		B34F3E002C6A93700041D7BD /* BlockApps */ = {
			isa = PBXGroup;
			children = (
				B34F3E022C6A93A30041D7BD /* BlockAppsViewController.swift */,
			);
			path = BlockApps;
			sourceTree = "<group>";
		};
		B34F3E012C6A93800041D7BD /* Settings */ = {
			isa = PBXGroup;
			children = (
				B34F3E042C6A93AC0041D7BD /* SettingsViewController.swift */,
			);
			path = Settings;
			sourceTree = "<group>";
		};
		B34F3E122C6B93AB0041D7BD /* CollectionViewCells */ = {
			isa = PBXGroup;
			children = (
				B34F3E132C6B93C80041D7BD /* MainWidgetCollectionViewCell.swift */,
				B34F3E152C6B93EA0041D7BD /* AuxiliaryWidgetCollectionViewCell.swift */,
				B34F3E172C6B93FA0041D7BD /* TipCollectionViewCell.swift */,
				B34F3E192C6B94080041D7BD /* HomeHeaderReusableCell.swift */,
			);
			path = CollectionViewCells;
			sourceTree = "<group>";
		};
		B34F3E1D2C6D35D50041D7BD /* WidgetConfiguration */ = {
			isa = PBXGroup;
			children = (
				B34F3E1F2C6D36090041D7BD /* View */,
				B34F3E202C6D36120041D7BD /* Controller */,
				B34F3E1E2C6D36040041D7BD /* ViewModel */,
			);
			path = WidgetConfiguration;
			sourceTree = "<group>";
		};
		B34F3E1E2C6D36040041D7BD /* ViewModel */ = {
			isa = PBXGroup;
			children = (
				B34F3E342C6E93570041D7BD /* WidgetSetupViewModel.swift */,
				B34F3E392C74BFB00041D7BD /* WidgetEditorViewModel.swift */,
			);
			path = ViewModel;
			sourceTree = "<group>";
		};
		B34F3E1F2C6D36090041D7BD /* View */ = {
			isa = PBXGroup;
			children = (
				B34F3E3B2C74C2640041D7BD /* Editor */,
				B34F3E2C2C6E86B90041D7BD /* Setup */,
			);
			path = View;
			sourceTree = "<group>";
		};
		B34F3E202C6D36120041D7BD /* Controller */ = {
			isa = PBXGroup;
			children = (
				B34F3E272C6D36D40041D7BD /* WidgetSetupViewController.swift */,
				B34F3E212C6D36390041D7BD /* WidgetEditorViewController.swift */,
			);
			path = Controller;
			sourceTree = "<group>";
		};
		B34F3E292C6E83670041D7BD /* Extensions */ = {
			isa = PBXGroup;
			children = (
				B34F3E2A2C6E837F0041D7BD /* UIFont+TraitedTextStyle.swift */,
				B34F3E322C6E8AA60041D7BD /* UITextField+HorizontalPadding.swift */,
			);
			path = Extensions;
			sourceTree = "<group>";
		};
		B34F3E2C2C6E86B90041D7BD /* Setup */ = {
			isa = PBXGroup;
			children = (
				B34F3E2F2C6E87870041D7BD /* CollectionViewCells */,
				B34F3E252C6D36C20041D7BD /* WidgetSetupView.swift */,
			);
			path = Setup;
			sourceTree = "<group>";
		};
		B34F3E2F2C6E87870041D7BD /* CollectionViewCells */ = {
			isa = PBXGroup;
			children = (
				B34F3E2D2C6E87350041D7BD /* SetupHeaderReusableCell.swift */,
				B34F3E302C6E87A50041D7BD /* StyleCollectionViewCell.swift */,
				B34F3E362C6FDEAA0041D7BD /* SelectedAppCollectionViewCell.swift */,
			);
			path = CollectionViewCells;
			sourceTree = "<group>";
		};
		B34F3E3B2C74C2640041D7BD /* Editor */ = {
			isa = PBXGroup;
			children = (
				B34F3E3C2C74CD160041D7BD /* CollectionViewCells */,
				B34F3E232C6D366A0041D7BD /* WidgetEditorView.swift */,
				B34F3E3D2C74CE090041D7BD /* EditorSectionHeader.swift */,
			);
			path = Editor;
			sourceTree = "<group>";
		};
		B34F3E3C2C74CD160041D7BD /* CollectionViewCells */ = {
			isa = PBXGroup;
			children = (
				B34F3E3F2C74E3270041D7BD /* WidgetModuleCell.swift */,
				B377D0FA2C764F85005B715A /* WidgetEmptyCell.swift */,
				B3CDD7002C766F2E00E558F8 /* ModuleStyleCell.swift */,
				B3CDD7022C767FD300E558F8 /* ModuleColorCell.swift */,
			);
			path = CollectionViewCells;
			sourceTree = "<group>";
		};
		B369278B2C66B6E30089F769 = {
			isa = PBXGroup;
			children = (
				B36927962C66B6E30089F769 /* Modulite */,
				AFBBC5052C7E459900A9B256 /* ModuliteWidget */,
				B36927AD2C66B6E40089F769 /* ModuliteTests */,
				B36927B72C66B6E40089F769 /* ModuliteUITests */,
				B36927952C66B6E30089F769 /* Products */,
				B3F054342C7CC4890057F04D /* Frameworks */,
			);
			sourceTree = "<group>";
		};
		B36927952C66B6E30089F769 /* Products */ = {
			isa = PBXGroup;
			children = (
				B36927942C66B6E30089F769 /* Modulite.app */,
				B36927AA2C66B6E40089F769 /* ModuliteTests.xctest */,
				B36927B42C66B6E40089F769 /* ModuliteUITests.xctest */,
				AFBBC5022C7E459900A9B256 /* ModuliteWidgetExtension.appex */,
			);
			name = Products;
			sourceTree = "<group>";
		};
		B36927962C66B6E30089F769 /* Modulite */ = {
			isa = PBXGroup;
			children = (
				B3C187802C79008800A891A8 /* Builders */,
				B3CDD7052C77C51500E558F8 /* Factories */,
				B34F3E292C6E83670041D7BD /* Extensions */,
				B34F3DF72C69A3810041D7BD /* DebugOptions.swift */,
				B36927A52C66B6E40089F769 /* Info.plist */,
				B36927A02C66B6E40089F769 /* Assets.xcassets */,
				B36927C72C66B6F00089F769 /* AppDelegate */,
				B36927C82C66B8330089F769 /* Coordinators */,
				B34F3DF12C6701070041D7BD /* Localization */,
				B36927CA2C66B83E0089F769 /* Models */,
				B36927C92C66B8380089F769 /* Routers */,
				B36927CB2C66B8430089F769 /* Screens */,
				B3F054382C7CFA660057F04D /* Services */,
			);
			path = Modulite;
			sourceTree = "<group>";
		};
		B36927AD2C66B6E40089F769 /* ModuliteTests */ = {
			isa = PBXGroup;
			children = (
				B34F3DF92C69AF190041D7BD /* Localization */,
				B36927AE2C66B6E40089F769 /* ModuliteTests.swift */,
			);
			path = ModuliteTests;
			sourceTree = "<group>";
		};
		B36927B72C66B6E40089F769 /* ModuliteUITests */ = {
			isa = PBXGroup;
			children = (
				B36927B82C66B6E40089F769 /* ModuliteUITests.swift */,
				B36927BA2C66B6E40089F769 /* ModuliteUITestsLaunchTests.swift */,
			);
			path = ModuliteUITests;
			sourceTree = "<group>";
		};
		B36927C72C66B6F00089F769 /* AppDelegate */ = {
			isa = PBXGroup;
			children = (
				B36927972C66B6E30089F769 /* AppDelegate.swift */,
				B36927992C66B6E30089F769 /* SceneDelegate.swift */,
			);
			path = AppDelegate;
			sourceTree = "<group>";
		};
		B36927C82C66B8330089F769 /* Coordinators */ = {
			isa = PBXGroup;
			children = (
				B36927CE2C66B8A30089F769 /* Coordinator.swift */,
				B36927D42C66BCE60089F769 /* HomeCoordinator.swift */,
				B34F3E082C6A96A20041D7BD /* RootTabCoordinator.swift */,
				B34F3E0C2C6B0C790041D7BD /* UsageCoordinator.swift */,
				B34F3E0E2C6B0D340041D7BD /* BlockAppsCoordinator.swift */,
				B34F3E102C6B0DDD0041D7BD /* SettingsCoordinator.swift */,
			);
			path = Coordinators;
			sourceTree = "<group>";
		};
		B36927C92C66B8380089F769 /* Routers */ = {
			isa = PBXGroup;
			children = (
				B36927D02C66B8CA0089F769 /* Router.swift */,
				B36927D22C66BBC10089F769 /* SceneDelegateRouter.swift */,
				B34F3E0A2C6A9E350041D7BD /* NavigationRouter.swift */,
			);
			path = Routers;
			sourceTree = "<group>";
		};
		B36927CA2C66B83E0089F769 /* Models */ = {
			isa = PBXGroup;
			children = (
				B3C1877E2C78D1E000A891A8 /* WidgetModel.swift */,
				B3C187832C791D1300A891A8 /* WidgetStyle.swift */,
				B3F054352C7CF6CB0057F04D /* AppInfo.swift */,
			);
			path = Models;
			sourceTree = "<group>";
		};
		B36927CB2C66B8430089F769 /* Screens */ = {
			isa = PBXGroup;
			children = (
				B34F3DFC2C6A92890041D7BD /* RootTabBarController.swift */,
				B34F3E002C6A93700041D7BD /* BlockApps */,
				B36927CC2C66B86D0089F769 /* Home */,
				B36927CD2C66B88F0089F769 /* LaunchScreen */,
				B34F3E012C6A93800041D7BD /* Settings */,
				B34F3DFF2C6A936C0041D7BD /* Usage */,
				B34F3E1D2C6D35D50041D7BD /* WidgetConfiguration */,
			);
			path = Screens;
			sourceTree = "<group>";
		};
		B36927CC2C66B86D0089F769 /* Home */ = {
			isa = PBXGroup;
			children = (
				B36927D82C66C25F0089F769 /* View */,
				B36927D72C66C2590089F769 /* Controller */,
				B36927D62C66C2520089F769 /* ViewModel */,
			);
			path = Home;
			sourceTree = "<group>";
		};
		B36927CD2C66B88F0089F769 /* LaunchScreen */ = {
			isa = PBXGroup;
			children = (
				B36927A22C66B6E40089F769 /* LaunchScreen.storyboard */,
			);
			path = LaunchScreen;
			sourceTree = "<group>";
		};
		B36927D62C66C2520089F769 /* ViewModel */ = {
			isa = PBXGroup;
			children = (
				B34F3E1B2C6BD3DA0041D7BD /* HomeViewModel.swift */,
			);
			path = ViewModel;
			sourceTree = "<group>";
		};
		B36927D72C66C2590089F769 /* Controller */ = {
			isa = PBXGroup;
			children = (
				B369279B2C66B6E30089F769 /* HomeViewController.swift */,
			);
			path = Controller;
			sourceTree = "<group>";
		};
		B36927D82C66C25F0089F769 /* View */ = {
			isa = PBXGroup;
			children = (
				B36927D92C66C2770089F769 /* HomeView.swift */,
				B34F3E122C6B93AB0041D7BD /* CollectionViewCells */,
			);
			path = View;
			sourceTree = "<group>";
		};
		B3C187802C79008800A891A8 /* Builders */ = {
			isa = PBXGroup;
			children = (
				B3C187812C79009B00A891A8 /* WidgetConfigurationBuilder.swift */,
			);
			path = Builders;
			sourceTree = "<group>";
		};
		B3CDD7052C77C51500E558F8 /* Factories */ = {
			isa = PBXGroup;
			children = (
				B3CDD7062C77C59B00E558F8 /* ImageProcessingFactory.swift */,
				B3C187852C79208600A891A8 /* WidgetStyleFactory.swift */,
			);
			path = Factories;
			sourceTree = "<group>";
		};
		B3F054342C7CC4890057F04D /* Frameworks */ = {
			isa = PBXGroup;
			children = (
				AFBBC4EB2C7E457C00A9B256 /* WidgetKit.framework */,
				AFBBC4ED2C7E457C00A9B256 /* SwiftUI.framework */,
			);
			name = Frameworks;
			sourceTree = "<group>";
		};
		B3F054382C7CFA660057F04D /* Services */ = {
			isa = PBXGroup;
			children = (
				AFBBC5132C7E484D00A9B256 /* WidgetDatabase */,
				B3F0543D2C7D0E2B0057F04D /* AppInfoDatabase */,
			);
			path = Services;
			sourceTree = "<group>";
		};
		B3F0543D2C7D0E2B0057F04D /* AppInfoDatabase */ = {
			isa = PBXGroup;
			children = (
				B3F0543B2C7D04D60057F04D /* apps.json */,
				B3F054392C7CFC090057F04D /* AppInfoDatabaseService.swift */,
				B3F0543E2C7D0E430057F04D /* SwiftDataDatabaseAdapter.swift */,
			);
			path = AppInfoDatabase;
			sourceTree = "<group>";
		};
/* End PBXGroup section */

/* Begin PBXNativeTarget section */
		AFBBC5012C7E459900A9B256 /* ModuliteWidgetExtension */ = {
			isa = PBXNativeTarget;
			buildConfigurationList = AFBBC5102C7E459A00A9B256 /* Build configuration list for PBXNativeTarget "ModuliteWidgetExtension" */;
			buildPhases = (
				AFBBC4FE2C7E459900A9B256 /* Sources */,
				AFBBC4FF2C7E459900A9B256 /* Frameworks */,
				AFBBC5002C7E459900A9B256 /* Resources */,
			);
			buildRules = (
			);
			dependencies = (
			);
			name = ModuliteWidgetExtension;
			productName = ModuliteWidgetExtension;
			productReference = AFBBC5022C7E459900A9B256 /* ModuliteWidgetExtension.appex */;
			productType = "com.apple.product-type.app-extension";
		};
		B36927932C66B6E30089F769 /* Modulite */ = {
			isa = PBXNativeTarget;
			buildConfigurationList = B36927BE2C66B6E40089F769 /* Build configuration list for PBXNativeTarget "Modulite" */;
			buildPhases = (
				B34F3E382C7056820041D7BD /* ShellScript */,
				B36927902C66B6E30089F769 /* Sources */,
				B36927912C66B6E30089F769 /* Frameworks */,
				B36927922C66B6E30089F769 /* Resources */,
				AFBBC4FD2C7E457E00A9B256 /* Embed Foundation Extensions */,
			);
			buildRules = (
			);
			dependencies = (
				AFBBC50E2C7E459A00A9B256 /* PBXTargetDependency */,
			);
			name = Modulite;
			packageProductDependencies = (
				B34F3DEF2C66EACE0041D7BD /* SnapKit */,
			);
			productName = Modulite;
			productReference = B36927942C66B6E30089F769 /* Modulite.app */;
			productType = "com.apple.product-type.application";
		};
		B36927A92C66B6E40089F769 /* ModuliteTests */ = {
			isa = PBXNativeTarget;
			buildConfigurationList = B36927C12C66B6E40089F769 /* Build configuration list for PBXNativeTarget "ModuliteTests" */;
			buildPhases = (
				B36927A62C66B6E40089F769 /* Sources */,
				B36927A72C66B6E40089F769 /* Frameworks */,
				B36927A82C66B6E40089F769 /* Resources */,
			);
			buildRules = (
			);
			dependencies = (
				B36927AC2C66B6E40089F769 /* PBXTargetDependency */,
			);
			name = ModuliteTests;
			productName = ModuliteTests;
			productReference = B36927AA2C66B6E40089F769 /* ModuliteTests.xctest */;
			productType = "com.apple.product-type.bundle.unit-test";
		};
		B36927B32C66B6E40089F769 /* ModuliteUITests */ = {
			isa = PBXNativeTarget;
			buildConfigurationList = B36927C42C66B6E40089F769 /* Build configuration list for PBXNativeTarget "ModuliteUITests" */;
			buildPhases = (
				B36927B02C66B6E40089F769 /* Sources */,
				B36927B12C66B6E40089F769 /* Frameworks */,
				B36927B22C66B6E40089F769 /* Resources */,
			);
			buildRules = (
			);
			dependencies = (
				B36927B62C66B6E40089F769 /* PBXTargetDependency */,
			);
			name = ModuliteUITests;
			productName = ModuliteUITests;
			productReference = B36927B42C66B6E40089F769 /* ModuliteUITests.xctest */;
			productType = "com.apple.product-type.bundle.ui-testing";
		};
/* End PBXNativeTarget section */

/* Begin PBXProject section */
		B369278C2C66B6E30089F769 /* Project object */ = {
			isa = PBXProject;
			attributes = {
				BuildIndependentTargetsInParallel = 1;
				LastSwiftUpdateCheck = 1540;
				LastUpgradeCheck = 1540;
				TargetAttributes = {
					AFBBC5012C7E459900A9B256 = {
						CreatedOnToolsVersion = 15.4;
					};
					B36927932C66B6E30089F769 = {
						CreatedOnToolsVersion = 15.4;
					};
					B36927A92C66B6E40089F769 = {
						CreatedOnToolsVersion = 15.4;
						TestTargetID = B36927932C66B6E30089F769;
					};
					B36927B32C66B6E40089F769 = {
						CreatedOnToolsVersion = 15.4;
						TestTargetID = B36927932C66B6E30089F769;
					};
				};
			};
			buildConfigurationList = B369278F2C66B6E30089F769 /* Build configuration list for PBXProject "Modulite" */;
			compatibilityVersion = "Xcode 14.0";
			developmentRegion = en;
			hasScannedForEncodings = 0;
			knownRegions = (
				en,
				Base,
			);
			mainGroup = B369278B2C66B6E30089F769;
			packageReferences = (
				B34F3DEE2C66EACE0041D7BD /* XCRemoteSwiftPackageReference "SnapKit" */,
			);
			productRefGroup = B36927952C66B6E30089F769 /* Products */;
			projectDirPath = "";
			projectRoot = "";
			targets = (
				B36927932C66B6E30089F769 /* Modulite */,
				B36927A92C66B6E40089F769 /* ModuliteTests */,
				B36927B32C66B6E40089F769 /* ModuliteUITests */,
				AFBBC5012C7E459900A9B256 /* ModuliteWidgetExtension */,
			);
		};
/* End PBXProject section */

/* Begin PBXResourcesBuildPhase section */
		AFBBC5002C7E459900A9B256 /* Resources */ = {
			isa = PBXResourcesBuildPhase;
			buildActionMask = 2147483647;
			files = (
				AFBBC50B2C7E459A00A9B256 /* Assets.xcassets in Resources */,
			);
			runOnlyForDeploymentPostprocessing = 0;
		};
		B36927922C66B6E30089F769 /* Resources */ = {
			isa = PBXResourcesBuildPhase;
			buildActionMask = 2147483647;
			files = (
				B36927A12C66B6E40089F769 /* Assets.xcassets in Resources */,
				B3F0543C2C7D04D60057F04D /* apps.json in Resources */,
				B36927A42C66B6E40089F769 /* Base in Resources */,
				B34F3DF32C6701740041D7BD /* Localizable.xcstrings in Resources */,
			);
			runOnlyForDeploymentPostprocessing = 0;
		};
		B36927A82C66B6E40089F769 /* Resources */ = {
			isa = PBXResourcesBuildPhase;
			buildActionMask = 2147483647;
			files = (
			);
			runOnlyForDeploymentPostprocessing = 0;
		};
		B36927B22C66B6E40089F769 /* Resources */ = {
			isa = PBXResourcesBuildPhase;
			buildActionMask = 2147483647;
			files = (
			);
			runOnlyForDeploymentPostprocessing = 0;
		};
/* End PBXResourcesBuildPhase section */

/* Begin PBXShellScriptBuildPhase section */
		B34F3E382C7056820041D7BD /* ShellScript */ = {
			isa = PBXShellScriptBuildPhase;
			alwaysOutOfDate = 1;
			buildActionMask = 2147483647;
			files = (
			);
			inputFileListPaths = (
			);
			inputPaths = (
				"$(SRCROOT)/.swiftlint.yml",
			);
			outputFileListPaths = (
			);
			outputPaths = (
			);
			runOnlyForDeploymentPostprocessing = 0;
			shellPath = /bin/sh;
			shellScript = "if [[ \"$(uname -m)\" == arm64 ]]\nthen\n    export PATH=\"/opt/homebrew/bin:$PATH\"\nfi\n\nif command -v swiftlint >/dev/null 2>&1\nthen\n    swiftlint\nelse\n    echo \"warning: `swiftlint` command not found - Run `brew install swiftlint` or see https://github.com/realm/SwiftLint#installation for installation instructions.\"\nfi\n";
			showEnvVarsInLog = 0;
		};
/* End PBXShellScriptBuildPhase section */

/* Begin PBXSourcesBuildPhase section */
		AFBBC4FE2C7E459900A9B256 /* Sources */ = {
			isa = PBXSourcesBuildPhase;
			buildActionMask = 2147483647;
			files = (
				AFBBC5192C7E49B400A9B256 /* SwiftDataWidgetDatabaseAdapter.swift in Sources */,
				AFBBC5092C7E459900A9B256 /* ModuliteWidget.swift in Sources */,
				AFBBC51C2C7E4AEB00A9B256 /* WidgetButtonView.swift in Sources */,
				AFBBC5072C7E459900A9B256 /* ModuliteWidgetBundle.swift in Sources */,
				AFBBC5162C7E491200A9B256 /* WidgetDatabaseService.swift in Sources */,
				AFBBC5202C7E4D6900A9B256 /* WidgetButtonLabelView.swift in Sources */,
				AFBBC5222C7E5D8D00A9B256 /* AppInfo.swift in Sources */,
			);
			runOnlyForDeploymentPostprocessing = 0;
		};
		B36927902C66B6E30089F769 /* Sources */ = {
			isa = PBXSourcesBuildPhase;
			buildActionMask = 2147483647;
			files = (
				B34F3E0F2C6B0D340041D7BD /* BlockAppsCoordinator.swift in Sources */,
				B34F3E1A2C6B94080041D7BD /* HomeHeaderReusableCell.swift in Sources */,
				B36927CF2C66B8A30089F769 /* Coordinator.swift in Sources */,
				B34F3E242C6D366A0041D7BD /* WidgetEditorView.swift in Sources */,
				B369279C2C66B6E30089F769 /* HomeViewController.swift in Sources */,
				B3C187842C791D1300A891A8 /* WidgetStyle.swift in Sources */,
				B3F0543F2C7D0E430057F04D /* SwiftDataDatabaseAdapter.swift in Sources */,
				B34F3E0D2C6B0C790041D7BD /* UsageCoordinator.swift in Sources */,
				AFBBC5152C7E486900A9B256 /* WidgetDatabaseService.swift in Sources */,
				B36927D12C66B8CA0089F769 /* Router.swift in Sources */,
				AFBBC5182C7E493100A9B256 /* SwiftDataWidgetDatabaseAdapter.swift in Sources */,
				B377D0FB2C764F85005B715A /* WidgetEmptyCell.swift in Sources */,
				B36927982C66B6E30089F769 /* AppDelegate.swift in Sources */,
				B369279A2C66B6E30089F769 /* SceneDelegate.swift in Sources */,
				B34F3E0B2C6A9E350041D7BD /* NavigationRouter.swift in Sources */,
				B36927DA2C66C2770089F769 /* HomeView.swift in Sources */,
				B36927D52C66BCE60089F769 /* HomeCoordinator.swift in Sources */,
				AFBBC5212C7E4E0700A9B256 /* WidgetButtonLabelView.swift in Sources */,
				AFBBC51E2C7E4C8500A9B256 /* WidgetButtonView.swift in Sources */,
				B3CDD7032C767FD300E558F8 /* ModuleColorCell.swift in Sources */,
				B36927D32C66BBC10089F769 /* SceneDelegateRouter.swift in Sources */,
				B3C187822C79009B00A891A8 /* WidgetConfigurationBuilder.swift in Sources */,
				B3C1877F2C78D1E000A891A8 /* WidgetModel.swift in Sources */,
				B34F3E3E2C74CE090041D7BD /* EditorSectionHeader.swift in Sources */,
				B34F3DFD2C6A92890041D7BD /* RootTabBarController.swift in Sources */,
				B34F3E112C6B0DDD0041D7BD /* SettingsCoordinator.swift in Sources */,
				B34F3E142C6B93C80041D7BD /* MainWidgetCollectionViewCell.swift in Sources */,
				B3CDD7072C77C59B00E558F8 /* ImageProcessingFactory.swift in Sources */,
				B34F3E092C6A96A20041D7BD /* RootTabCoordinator.swift in Sources */,
				B34F3E352C6E93570041D7BD /* WidgetSetupViewModel.swift in Sources */,
				B34F3DF82C69A3810041D7BD /* DebugOptions.swift in Sources */,
				B34F3E052C6A93AC0041D7BD /* SettingsViewController.swift in Sources */,
				B34F3E032C6A93A30041D7BD /* BlockAppsViewController.swift in Sources */,
				B34F3E402C74E3270041D7BD /* WidgetModuleCell.swift in Sources */,
				B34F3E1C2C6BD3DA0041D7BD /* HomeViewModel.swift in Sources */,
				B3C187862C79208600A891A8 /* WidgetStyleFactory.swift in Sources */,
				B34F3E182C6B93FA0041D7BD /* TipCollectionViewCell.swift in Sources */,
				B34F3E2B2C6E83800041D7BD /* UIFont+TraitedTextStyle.swift in Sources */,
				B34F3E2E2C6E87350041D7BD /* SetupHeaderReusableCell.swift in Sources */,
				B34F3E162C6B93EA0041D7BD /* AuxiliaryWidgetCollectionViewCell.swift in Sources */,
				B34F3E332C6E8AA60041D7BD /* UITextField+HorizontalPadding.swift in Sources */,
				B34F3E372C6FDEAA0041D7BD /* SelectedAppCollectionViewCell.swift in Sources */,
				B3CDD7012C766F2E00E558F8 /* ModuleStyleCell.swift in Sources */,
				B34F3E072C6A93B30041D7BD /* UsageViewController.swift in Sources */,
				B34F3E222C6D36390041D7BD /* WidgetEditorViewController.swift in Sources */,
				B34F3E312C6E87A50041D7BD /* StyleCollectionViewCell.swift in Sources */,
				B3F054362C7CF6CB0057F04D /* AppInfo.swift in Sources */,
				B34F3DF52C6701870041D7BD /* String+LocalizedKey.swift in Sources */,
				B34F3E282C6D36D40041D7BD /* WidgetSetupViewController.swift in Sources */,
				B3F0543A2C7CFC090057F04D /* AppInfoDatabaseService.swift in Sources */,
				B34F3E262C6D36C20041D7BD /* WidgetSetupView.swift in Sources */,
				B34F3E3A2C74BFB00041D7BD /* WidgetEditorViewModel.swift in Sources */,
			);
			runOnlyForDeploymentPostprocessing = 0;
		};
		B36927A62C66B6E40089F769 /* Sources */ = {
			isa = PBXSourcesBuildPhase;
			buildActionMask = 2147483647;
			files = (
				B34F3DFB2C69AF230041D7BD /* LocalizationTests.swift in Sources */,
				B36927AF2C66B6E40089F769 /* ModuliteTests.swift in Sources */,
			);
			runOnlyForDeploymentPostprocessing = 0;
		};
		B36927B02C66B6E40089F769 /* Sources */ = {
			isa = PBXSourcesBuildPhase;
			buildActionMask = 2147483647;
			files = (
				B36927BB2C66B6E40089F769 /* ModuliteUITestsLaunchTests.swift in Sources */,
				B36927B92C66B6E40089F769 /* ModuliteUITests.swift in Sources */,
			);
			runOnlyForDeploymentPostprocessing = 0;
		};
/* End PBXSourcesBuildPhase section */

/* Begin PBXTargetDependency section */
		AFBBC50E2C7E459A00A9B256 /* PBXTargetDependency */ = {
			isa = PBXTargetDependency;
			target = AFBBC5012C7E459900A9B256 /* ModuliteWidgetExtension */;
			targetProxy = AFBBC50D2C7E459A00A9B256 /* PBXContainerItemProxy */;
		};
		B36927AC2C66B6E40089F769 /* PBXTargetDependency */ = {
			isa = PBXTargetDependency;
			target = B36927932C66B6E30089F769 /* Modulite */;
			targetProxy = B36927AB2C66B6E40089F769 /* PBXContainerItemProxy */;
		};
		B36927B62C66B6E40089F769 /* PBXTargetDependency */ = {
			isa = PBXTargetDependency;
			target = B36927932C66B6E30089F769 /* Modulite */;
			targetProxy = B36927B52C66B6E40089F769 /* PBXContainerItemProxy */;
		};
/* End PBXTargetDependency section */

/* Begin PBXVariantGroup section */
		B36927A22C66B6E40089F769 /* LaunchScreen.storyboard */ = {
			isa = PBXVariantGroup;
			children = (
				B36927A32C66B6E40089F769 /* Base */,
			);
			name = LaunchScreen.storyboard;
			sourceTree = "<group>";
		};
/* End PBXVariantGroup section */

/* Begin XCBuildConfiguration section */
		AFBBC5112C7E459A00A9B256 /* Debug */ = {
			isa = XCBuildConfiguration;
			buildSettings = {
				ASSETCATALOG_COMPILER_GLOBAL_ACCENT_COLOR_NAME = AccentColor;
				ASSETCATALOG_COMPILER_WIDGET_BACKGROUND_COLOR_NAME = WidgetBackground;
				CODE_SIGN_IDENTITY = "Apple Development";
				CODE_SIGN_STYLE = Automatic;
				CURRENT_PROJECT_VERSION = 0.1;
				DEVELOPMENT_TEAM = L2AH2M48T4;
				ENABLE_USER_SCRIPT_SANDBOXING = YES;
				GENERATE_INFOPLIST_FILE = YES;
				INFOPLIST_FILE = ModuliteWidget/Info.plist;
				INFOPLIST_KEY_CFBundleDisplayName = ModuliteWidget;
				INFOPLIST_KEY_NSHumanReadableCopyright = "";
				IPHONEOS_DEPLOYMENT_TARGET = 17.5;
				LD_RUNPATH_SEARCH_PATHS = (
					"$(inherited)",
					"@executable_path/Frameworks",
					"@executable_path/../../Frameworks",
				);
				MARKETING_VERSION = 0.1;
				PRODUCT_BUNDLE_IDENTIFIER = dev.mnhz.modu.lite.ModuliteWidget;
				PRODUCT_NAME = "$(TARGET_NAME)";
				SKIP_INSTALL = YES;
				SWIFT_EMIT_LOC_STRINGS = YES;
				SWIFT_VERSION = 5.0;
				TARGETED_DEVICE_FAMILY = "1,2";
			};
			name = Debug;
		};
		AFBBC5122C7E459A00A9B256 /* Release */ = {
			isa = XCBuildConfiguration;
			buildSettings = {
				ASSETCATALOG_COMPILER_GLOBAL_ACCENT_COLOR_NAME = AccentColor;
				ASSETCATALOG_COMPILER_WIDGET_BACKGROUND_COLOR_NAME = WidgetBackground;
				CODE_SIGN_IDENTITY = "Apple Development";
				CODE_SIGN_STYLE = Automatic;
				CURRENT_PROJECT_VERSION = 0.1;
				DEVELOPMENT_TEAM = L2AH2M48T4;
				ENABLE_USER_SCRIPT_SANDBOXING = YES;
				GENERATE_INFOPLIST_FILE = YES;
				INFOPLIST_FILE = ModuliteWidget/Info.plist;
				INFOPLIST_KEY_CFBundleDisplayName = ModuliteWidget;
				INFOPLIST_KEY_NSHumanReadableCopyright = "";
				IPHONEOS_DEPLOYMENT_TARGET = 17.5;
				LD_RUNPATH_SEARCH_PATHS = (
					"$(inherited)",
					"@executable_path/Frameworks",
					"@executable_path/../../Frameworks",
				);
				MARKETING_VERSION = 0.1;
				PRODUCT_BUNDLE_IDENTIFIER = dev.mnhz.modu.lite.ModuliteWidget;
				PRODUCT_NAME = "$(TARGET_NAME)";
				SKIP_INSTALL = YES;
				SWIFT_EMIT_LOC_STRINGS = YES;
				SWIFT_VERSION = 5.0;
				TARGETED_DEVICE_FAMILY = "1,2";
			};
			name = Release;
		};
		B36927BC2C66B6E40089F769 /* Debug */ = {
			isa = XCBuildConfiguration;
			buildSettings = {
				ALWAYS_SEARCH_USER_PATHS = NO;
				ASSETCATALOG_COMPILER_GENERATE_SWIFT_ASSET_SYMBOL_EXTENSIONS = YES;
				CLANG_ANALYZER_NONNULL = YES;
				CLANG_ANALYZER_NUMBER_OBJECT_CONVERSION = YES_AGGRESSIVE;
				CLANG_CXX_LANGUAGE_STANDARD = "gnu++20";
				CLANG_ENABLE_MODULES = YES;
				CLANG_ENABLE_OBJC_ARC = YES;
				CLANG_ENABLE_OBJC_WEAK = YES;
				CLANG_WARN_BLOCK_CAPTURE_AUTORELEASING = YES;
				CLANG_WARN_BOOL_CONVERSION = YES;
				CLANG_WARN_COMMA = YES;
				CLANG_WARN_CONSTANT_CONVERSION = YES;
				CLANG_WARN_DEPRECATED_OBJC_IMPLEMENTATIONS = YES;
				CLANG_WARN_DIRECT_OBJC_ISA_USAGE = YES_ERROR;
				CLANG_WARN_DOCUMENTATION_COMMENTS = YES;
				CLANG_WARN_EMPTY_BODY = YES;
				CLANG_WARN_ENUM_CONVERSION = YES;
				CLANG_WARN_INFINITE_RECURSION = YES;
				CLANG_WARN_INT_CONVERSION = YES;
				CLANG_WARN_NON_LITERAL_NULL_CONVERSION = YES;
				CLANG_WARN_OBJC_IMPLICIT_RETAIN_SELF = YES;
				CLANG_WARN_OBJC_LITERAL_CONVERSION = YES;
				CLANG_WARN_OBJC_ROOT_CLASS = YES_ERROR;
				CLANG_WARN_QUOTED_INCLUDE_IN_FRAMEWORK_HEADER = YES;
				CLANG_WARN_RANGE_LOOP_ANALYSIS = YES;
				CLANG_WARN_STRICT_PROTOTYPES = YES;
				CLANG_WARN_SUSPICIOUS_MOVE = YES;
				CLANG_WARN_UNGUARDED_AVAILABILITY = YES_AGGRESSIVE;
				CLANG_WARN_UNREACHABLE_CODE = YES;
				CLANG_WARN__DUPLICATE_METHOD_MATCH = YES;
				COPY_PHASE_STRIP = NO;
				DEBUG_INFORMATION_FORMAT = dwarf;
				ENABLE_STRICT_OBJC_MSGSEND = YES;
				ENABLE_TESTABILITY = YES;
				ENABLE_USER_SCRIPT_SANDBOXING = NO;
				GCC_C_LANGUAGE_STANDARD = gnu17;
				GCC_DYNAMIC_NO_PIC = NO;
				GCC_NO_COMMON_BLOCKS = YES;
				GCC_OPTIMIZATION_LEVEL = 0;
				GCC_PREPROCESSOR_DEFINITIONS = (
					"DEBUG=1",
					"$(inherited)",
				);
				GCC_WARN_64_TO_32_BIT_CONVERSION = YES;
				GCC_WARN_ABOUT_RETURN_TYPE = YES_ERROR;
				GCC_WARN_UNDECLARED_SELECTOR = YES;
				GCC_WARN_UNINITIALIZED_AUTOS = YES_AGGRESSIVE;
				GCC_WARN_UNUSED_FUNCTION = YES;
				GCC_WARN_UNUSED_VARIABLE = YES;
				IPHONEOS_DEPLOYMENT_TARGET = 17.0;
				LOCALIZATION_PREFERS_STRING_CATALOGS = YES;
				MTL_ENABLE_DEBUG_INFO = INCLUDE_SOURCE;
				MTL_FAST_MATH = YES;
				ONLY_ACTIVE_ARCH = YES;
				SDKROOT = iphoneos;
				SWIFT_ACTIVE_COMPILATION_CONDITIONS = "DEBUG $(inherited)";
				SWIFT_OPTIMIZATION_LEVEL = "-Onone";
			};
			name = Debug;
		};
		B36927BD2C66B6E40089F769 /* Release */ = {
			isa = XCBuildConfiguration;
			buildSettings = {
				ALWAYS_SEARCH_USER_PATHS = NO;
				ASSETCATALOG_COMPILER_GENERATE_SWIFT_ASSET_SYMBOL_EXTENSIONS = YES;
				CLANG_ANALYZER_NONNULL = YES;
				CLANG_ANALYZER_NUMBER_OBJECT_CONVERSION = YES_AGGRESSIVE;
				CLANG_CXX_LANGUAGE_STANDARD = "gnu++20";
				CLANG_ENABLE_MODULES = YES;
				CLANG_ENABLE_OBJC_ARC = YES;
				CLANG_ENABLE_OBJC_WEAK = YES;
				CLANG_WARN_BLOCK_CAPTURE_AUTORELEASING = YES;
				CLANG_WARN_BOOL_CONVERSION = YES;
				CLANG_WARN_COMMA = YES;
				CLANG_WARN_CONSTANT_CONVERSION = YES;
				CLANG_WARN_DEPRECATED_OBJC_IMPLEMENTATIONS = YES;
				CLANG_WARN_DIRECT_OBJC_ISA_USAGE = YES_ERROR;
				CLANG_WARN_DOCUMENTATION_COMMENTS = YES;
				CLANG_WARN_EMPTY_BODY = YES;
				CLANG_WARN_ENUM_CONVERSION = YES;
				CLANG_WARN_INFINITE_RECURSION = YES;
				CLANG_WARN_INT_CONVERSION = YES;
				CLANG_WARN_NON_LITERAL_NULL_CONVERSION = YES;
				CLANG_WARN_OBJC_IMPLICIT_RETAIN_SELF = YES;
				CLANG_WARN_OBJC_LITERAL_CONVERSION = YES;
				CLANG_WARN_OBJC_ROOT_CLASS = YES_ERROR;
				CLANG_WARN_QUOTED_INCLUDE_IN_FRAMEWORK_HEADER = YES;
				CLANG_WARN_RANGE_LOOP_ANALYSIS = YES;
				CLANG_WARN_STRICT_PROTOTYPES = YES;
				CLANG_WARN_SUSPICIOUS_MOVE = YES;
				CLANG_WARN_UNGUARDED_AVAILABILITY = YES_AGGRESSIVE;
				CLANG_WARN_UNREACHABLE_CODE = YES;
				CLANG_WARN__DUPLICATE_METHOD_MATCH = YES;
				COPY_PHASE_STRIP = NO;
				DEBUG_INFORMATION_FORMAT = "dwarf-with-dsym";
				ENABLE_NS_ASSERTIONS = NO;
				ENABLE_STRICT_OBJC_MSGSEND = YES;
				ENABLE_USER_SCRIPT_SANDBOXING = NO;
				GCC_C_LANGUAGE_STANDARD = gnu17;
				GCC_NO_COMMON_BLOCKS = YES;
				GCC_WARN_64_TO_32_BIT_CONVERSION = YES;
				GCC_WARN_ABOUT_RETURN_TYPE = YES_ERROR;
				GCC_WARN_UNDECLARED_SELECTOR = YES;
				GCC_WARN_UNINITIALIZED_AUTOS = YES_AGGRESSIVE;
				GCC_WARN_UNUSED_FUNCTION = YES;
				GCC_WARN_UNUSED_VARIABLE = YES;
				IPHONEOS_DEPLOYMENT_TARGET = 17.0;
				LOCALIZATION_PREFERS_STRING_CATALOGS = YES;
				MTL_ENABLE_DEBUG_INFO = NO;
				MTL_FAST_MATH = YES;
				SDKROOT = iphoneos;
				SWIFT_COMPILATION_MODE = wholemodule;
				VALIDATE_PRODUCT = YES;
			};
			name = Release;
		};
		B36927BF2C66B6E40089F769 /* Debug */ = {
			isa = XCBuildConfiguration;
			buildSettings = {
				ALWAYS_EMBED_SWIFT_STANDARD_LIBRARIES = YES;
				ASSETCATALOG_COMPILER_APPICON_NAME = AppIcon;
				ASSETCATALOG_COMPILER_GLOBAL_ACCENT_COLOR_NAME = AccentColor;
				CODE_SIGN_IDENTITY = "Apple Development";
				CODE_SIGN_STYLE = Automatic;
				CURRENT_PROJECT_VERSION = 0.1;
				DEVELOPMENT_TEAM = L2AH2M48T4;
				GENERATE_INFOPLIST_FILE = YES;
				INFOPLIST_FILE = Modulite/Info.plist;
				INFOPLIST_KEY_CFBundleDisplayName = Modu.lite;
				INFOPLIST_KEY_UIApplicationSupportsIndirectInputEvents = YES;
				INFOPLIST_KEY_UILaunchStoryboardName = LaunchScreen;
				INFOPLIST_KEY_UISupportedInterfaceOrientations_iPad = "UIInterfaceOrientationPortrait UIInterfaceOrientationPortraitUpsideDown UIInterfaceOrientationLandscapeLeft UIInterfaceOrientationLandscapeRight";
				INFOPLIST_KEY_UISupportedInterfaceOrientations_iPhone = "UIInterfaceOrientationPortrait UIInterfaceOrientationLandscapeLeft UIInterfaceOrientationLandscapeRight";
				IPHONEOS_DEPLOYMENT_TARGET = 17.0;
				LD_RUNPATH_SEARCH_PATHS = (
					"$(inherited)",
					"@executable_path/Frameworks",
				);
				MARKETING_VERSION = 0.1;
				PRODUCT_BUNDLE_IDENTIFIER = dev.mnhz.modu.lite;
				PRODUCT_NAME = "$(TARGET_NAME)";
				PROVISIONING_PROFILE_SPECIFIER = "";
				SWIFT_EMIT_LOC_STRINGS = YES;
				SWIFT_VERSION = 5.0;
				TARGETED_DEVICE_FAMILY = "1,2";
			};
			name = Debug;
		};
		B36927C02C66B6E40089F769 /* Release */ = {
			isa = XCBuildConfiguration;
			buildSettings = {
				ALWAYS_EMBED_SWIFT_STANDARD_LIBRARIES = YES;
				ASSETCATALOG_COMPILER_APPICON_NAME = AppIcon;
				ASSETCATALOG_COMPILER_GLOBAL_ACCENT_COLOR_NAME = AccentColor;
				CODE_SIGN_IDENTITY = "Apple Development";
				CODE_SIGN_STYLE = Automatic;
				CURRENT_PROJECT_VERSION = 0.1;
				DEVELOPMENT_TEAM = L2AH2M48T4;
				GENERATE_INFOPLIST_FILE = YES;
				INFOPLIST_FILE = Modulite/Info.plist;
				INFOPLIST_KEY_CFBundleDisplayName = Modu.lite;
				INFOPLIST_KEY_UIApplicationSupportsIndirectInputEvents = YES;
				INFOPLIST_KEY_UILaunchStoryboardName = LaunchScreen;
				INFOPLIST_KEY_UISupportedInterfaceOrientations_iPad = "UIInterfaceOrientationPortrait UIInterfaceOrientationPortraitUpsideDown UIInterfaceOrientationLandscapeLeft UIInterfaceOrientationLandscapeRight";
				INFOPLIST_KEY_UISupportedInterfaceOrientations_iPhone = "UIInterfaceOrientationPortrait UIInterfaceOrientationLandscapeLeft UIInterfaceOrientationLandscapeRight";
				IPHONEOS_DEPLOYMENT_TARGET = 17.0;
				LD_RUNPATH_SEARCH_PATHS = (
					"$(inherited)",
					"@executable_path/Frameworks",
				);
				MARKETING_VERSION = 0.1;
				PRODUCT_BUNDLE_IDENTIFIER = dev.mnhz.modu.lite;
				PRODUCT_NAME = "$(TARGET_NAME)";
				PROVISIONING_PROFILE_SPECIFIER = "";
				SWIFT_EMIT_LOC_STRINGS = YES;
				SWIFT_VERSION = 5.0;
				TARGETED_DEVICE_FAMILY = "1,2";
			};
			name = Release;
		};
		B36927C22C66B6E40089F769 /* Debug */ = {
			isa = XCBuildConfiguration;
			buildSettings = {
				ALWAYS_EMBED_SWIFT_STANDARD_LIBRARIES = YES;
				BUNDLE_LOADER = "$(TEST_HOST)";
				CODE_SIGN_STYLE = Automatic;
				CURRENT_PROJECT_VERSION = 1;
				DEVELOPMENT_TEAM = L2AH2M48T4;
				GENERATE_INFOPLIST_FILE = YES;
				IPHONEOS_DEPLOYMENT_TARGET = 17.5;
				MARKETING_VERSION = 1.0;
				PRODUCT_BUNDLE_IDENTIFIER = dev.mnhz.ModuliteTests;
				PRODUCT_NAME = "$(TARGET_NAME)";
				SWIFT_EMIT_LOC_STRINGS = NO;
				SWIFT_VERSION = 5.0;
				TARGETED_DEVICE_FAMILY = "1,2";
				TEST_HOST = "$(BUILT_PRODUCTS_DIR)/Modulite.app/$(BUNDLE_EXECUTABLE_FOLDER_PATH)/Modulite";
			};
			name = Debug;
		};
		B36927C32C66B6E40089F769 /* Release */ = {
			isa = XCBuildConfiguration;
			buildSettings = {
				ALWAYS_EMBED_SWIFT_STANDARD_LIBRARIES = YES;
				BUNDLE_LOADER = "$(TEST_HOST)";
				CODE_SIGN_STYLE = Automatic;
				CURRENT_PROJECT_VERSION = 1;
				DEVELOPMENT_TEAM = L2AH2M48T4;
				GENERATE_INFOPLIST_FILE = YES;
				IPHONEOS_DEPLOYMENT_TARGET = 17.5;
				MARKETING_VERSION = 1.0;
				PRODUCT_BUNDLE_IDENTIFIER = dev.mnhz.ModuliteTests;
				PRODUCT_NAME = "$(TARGET_NAME)";
				SWIFT_EMIT_LOC_STRINGS = NO;
				SWIFT_VERSION = 5.0;
				TARGETED_DEVICE_FAMILY = "1,2";
				TEST_HOST = "$(BUILT_PRODUCTS_DIR)/Modulite.app/$(BUNDLE_EXECUTABLE_FOLDER_PATH)/Modulite";
			};
			name = Release;
		};
		B36927C52C66B6E40089F769 /* Debug */ = {
			isa = XCBuildConfiguration;
			buildSettings = {
				ALWAYS_EMBED_SWIFT_STANDARD_LIBRARIES = YES;
				CODE_SIGN_STYLE = Automatic;
				CURRENT_PROJECT_VERSION = 1;
				DEVELOPMENT_TEAM = L2AH2M48T4;
				GENERATE_INFOPLIST_FILE = YES;
				MARKETING_VERSION = 1.0;
				PRODUCT_BUNDLE_IDENTIFIER = dev.mnhz.ModuliteUITests;
				PRODUCT_NAME = "$(TARGET_NAME)";
				SWIFT_EMIT_LOC_STRINGS = NO;
				SWIFT_VERSION = 5.0;
				TARGETED_DEVICE_FAMILY = "1,2";
				TEST_TARGET_NAME = Modulite;
			};
			name = Debug;
		};
		B36927C62C66B6E40089F769 /* Release */ = {
			isa = XCBuildConfiguration;
			buildSettings = {
				ALWAYS_EMBED_SWIFT_STANDARD_LIBRARIES = YES;
				CODE_SIGN_STYLE = Automatic;
				CURRENT_PROJECT_VERSION = 1;
				DEVELOPMENT_TEAM = L2AH2M48T4;
				GENERATE_INFOPLIST_FILE = YES;
				MARKETING_VERSION = 1.0;
				PRODUCT_BUNDLE_IDENTIFIER = dev.mnhz.ModuliteUITests;
				PRODUCT_NAME = "$(TARGET_NAME)";
				SWIFT_EMIT_LOC_STRINGS = NO;
				SWIFT_VERSION = 5.0;
				TARGETED_DEVICE_FAMILY = "1,2";
				TEST_TARGET_NAME = Modulite;
			};
			name = Release;
		};
/* End XCBuildConfiguration section */

/* Begin XCConfigurationList section */
		AFBBC5102C7E459A00A9B256 /* Build configuration list for PBXNativeTarget "ModuliteWidgetExtension" */ = {
			isa = XCConfigurationList;
			buildConfigurations = (
				AFBBC5112C7E459A00A9B256 /* Debug */,
				AFBBC5122C7E459A00A9B256 /* Release */,
			);
			defaultConfigurationIsVisible = 0;
			defaultConfigurationName = Release;
		};
		B369278F2C66B6E30089F769 /* Build configuration list for PBXProject "Modulite" */ = {
			isa = XCConfigurationList;
			buildConfigurations = (
				B36927BC2C66B6E40089F769 /* Debug */,
				B36927BD2C66B6E40089F769 /* Release */,
			);
			defaultConfigurationIsVisible = 0;
			defaultConfigurationName = Release;
		};
		B36927BE2C66B6E40089F769 /* Build configuration list for PBXNativeTarget "Modulite" */ = {
			isa = XCConfigurationList;
			buildConfigurations = (
				B36927BF2C66B6E40089F769 /* Debug */,
				B36927C02C66B6E40089F769 /* Release */,
			);
			defaultConfigurationIsVisible = 0;
			defaultConfigurationName = Release;
		};
		B36927C12C66B6E40089F769 /* Build configuration list for PBXNativeTarget "ModuliteTests" */ = {
			isa = XCConfigurationList;
			buildConfigurations = (
				B36927C22C66B6E40089F769 /* Debug */,
				B36927C32C66B6E40089F769 /* Release */,
			);
			defaultConfigurationIsVisible = 0;
			defaultConfigurationName = Release;
		};
		B36927C42C66B6E40089F769 /* Build configuration list for PBXNativeTarget "ModuliteUITests" */ = {
			isa = XCConfigurationList;
			buildConfigurations = (
				B36927C52C66B6E40089F769 /* Debug */,
				B36927C62C66B6E40089F769 /* Release */,
			);
			defaultConfigurationIsVisible = 0;
			defaultConfigurationName = Release;
		};
/* End XCConfigurationList section */

/* Begin XCRemoteSwiftPackageReference section */
		B34F3DEE2C66EACE0041D7BD /* XCRemoteSwiftPackageReference "SnapKit" */ = {
			isa = XCRemoteSwiftPackageReference;
			repositoryURL = "https://github.com/SnapKit/SnapKit";
			requirement = {
				kind = upToNextMajorVersion;
				minimumVersion = 5.7.1;
			};
		};
/* End XCRemoteSwiftPackageReference section */

/* Begin XCSwiftPackageProductDependency section */
		B34F3DEF2C66EACE0041D7BD /* SnapKit */ = {
			isa = XCSwiftPackageProductDependency;
			package = B34F3DEE2C66EACE0041D7BD /* XCRemoteSwiftPackageReference "SnapKit" */;
			productName = SnapKit;
		};
/* End XCSwiftPackageProductDependency section */
	};
	rootObject = B369278C2C66B6E30089F769 /* Project object */;
}
